<?xml version="1.0" encoding="utf-8"?>
<Project ToolsVersion="4.0" xmlns="http://schemas.microsoft.com/developer/msbuild/2003">
  <ItemGroup>
    <Filter Include="Source files">
      <UniqueIdentifier>{bd365aa5-73c8-444d-ae40-2d6da0248e8e}</UniqueIdentifier>
      <Extensions>cpp;c;cc;cxx;def;odl;idl;hpj;bat;asm;asmx</Extensions>
    </Filter>
    <Filter Include="Header files">
      <UniqueIdentifier>{6712cc04-5b30-4bc6-ac3d-d05a0ce4e951}</UniqueIdentifier>
      <Extensions>h;hpp;hxx;hm;inl;inc;xsd</Extensions>
    </Filter>
    <Filter Include="Resource files">
      <UniqueIdentifier>{cf745a40-909b-4b91-8c85-7c8a18128daa}</UniqueIdentifier>
      <Extensions>rc;ico;cur;bmp;dlg;rc2;rct;bin;rgs;gif;jpg;jpeg;jpe;resx;tiff;tif;png;wav</Extensions>
    </Filter>
    <Filter Include="Make files">
      <UniqueIdentifier>{af8d1653-213b-408e-a466-963aae3f2a7c}</UniqueIdentifier>
      <Extensions>*.mak</Extensions>
    </Filter>
    <Filter Include="Source files\Device-specific files">
      <UniqueIdentifier>{7424f5b5-bc4e-41cc-afc3-ff94bbab1324}</UniqueIdentifier>
    </Filter>
    <Filter Include="Header files\Device-specific files">
      <UniqueIdentifier>{2c3d7ed1-aab1-4a5c-936f-40a73cd33a3e}</UniqueIdentifier>
    </Filter>
    <Filter Include="Source files\Device-specific files\HAL">
      <UniqueIdentifier>{21a45c66-bc11-4e25-a6a3-b508699c701e}</UniqueIdentifier>
    </Filter>
    <Filter Include="Header files\Device-specific files\HAL">
      <UniqueIdentifier>{02bbf12d-f6e5-4156-9969-aa6022d87cd8}</UniqueIdentifier>
    </Filter>
    <Filter Include="Source files\Drivers">
      <UniqueIdentifier>{4150a8a4-a1bf-47d8-a120-cb317c30dcbc}</UniqueIdentifier>
    </Filter>
    <Filter Include="Header files\Drivers">
      <UniqueIdentifier>{3e00f112-e43c-4a4b-acb8-d5f9df54d1e2}</UniqueIdentifier>
    </Filter>
    <Filter Include="Source files\DSP_Lib">
      <UniqueIdentifier>{8e4bab94-8890-4e61-9f60-1d54a5ab917a}</UniqueIdentifier>
    </Filter>
    <Filter Include="Source files\DSP_Lib\Source">
      <UniqueIdentifier>{a1bdd99c-64c6-4237-b094-8493f35acdda}</UniqueIdentifier>
    </Filter>
    <Filter Include="Source files\DSP_Lib\Source\BasicMathFunctions">
      <UniqueIdentifier>{19e3b208-4dfa-4473-8dab-ccff05e7d494}</UniqueIdentifier>
    </Filter>
    <Filter Include="Source files\DSP_Lib\Source\CommonTables">
      <UniqueIdentifier>{992a7af2-74c1-47fd-9f6f-7473e6c78294}</UniqueIdentifier>
    </Filter>
    <Filter Include="Source files\DSP_Lib\Source\ComplexMathFunctions">
      <UniqueIdentifier>{b71613c6-f46f-420f-b17a-0a4520ee26a4}</UniqueIdentifier>
    </Filter>
    <Filter Include="Source files\DSP_Lib\Source\ControllerFunctions">
      <UniqueIdentifier>{06cc0604-23b8-4073-a583-c2043363623b}</UniqueIdentifier>
    </Filter>
    <Filter Include="Source files\DSP_Lib\Source\FastMathFunctions">
      <UniqueIdentifier>{61b6f811-26d0-443f-9a21-aa06029d05d0}</UniqueIdentifier>
    </Filter>
    <Filter Include="Source files\DSP_Lib\Source\FilteringFunctions">
      <UniqueIdentifier>{fd926e1d-184d-49eb-983d-f83a40f1d5f9}</UniqueIdentifier>
    </Filter>
    <Filter Include="Source files\DSP_Lib\Source\MatrixFunctions">
      <UniqueIdentifier>{1a629718-10ba-41d1-a5ba-a15b4b8a3998}</UniqueIdentifier>
    </Filter>
    <Filter Include="Source files\DSP_Lib\Source\StatisticsFunctions">
      <UniqueIdentifier>{969e75bd-7238-4fe0-8d46-1bc1c708e3a5}</UniqueIdentifier>
    </Filter>
    <Filter Include="Source files\DSP_Lib\Source\SupportFunctions">
      <UniqueIdentifier>{58eb1225-3d54-4548-96be-eb15ffbce187}</UniqueIdentifier>
    </Filter>
    <Filter Include="Source files\DSP_Lib\Source\TransformFunctions">
      <UniqueIdentifier>{fe632ccc-8c8c-4120-b8c5-a4d66dda8371}</UniqueIdentifier>
    </Filter>
  </ItemGroup>
  <ItemGroup>
    <ClCompile Include="system_stm32f3xx.c">
      <Filter>Source files</Filter>
    </ClCompile>
    <ClCompile Include="..\..\..\Users\pawel\AppData\Local\VisualGDB\EmbeddedBSPs\arm-eabi\com.sysprogs.arm.stm32\STM32F3xxxx\STM32F3xx_HAL_Driver\Src\stm32f3xx_hal.c">
      <Filter>Source files\Device-specific files\HAL</Filter>
    </ClCompile>
    <ClCompile Include="..\..\..\Users\pawel\AppData\Local\VisualGDB\EmbeddedBSPs\arm-eabi\com.sysprogs.arm.stm32\STM32F3xxxx\STM32F3xx_HAL_Driver\Src\stm32f3xx_hal_adc.c">
      <Filter>Source files\Device-specific files\HAL</Filter>
    </ClCompile>
    <ClCompile Include="..\..\..\Users\pawel\AppData\Local\VisualGDB\EmbeddedBSPs\arm-eabi\com.sysprogs.arm.stm32\STM32F3xxxx\STM32F3xx_HAL_Driver\Src\stm32f3xx_hal_adc_ex.c">
      <Filter>Source files\Device-specific files\HAL</Filter>
    </ClCompile>
    <ClCompile Include="..\..\..\Users\pawel\AppData\Local\VisualGDB\EmbeddedBSPs\arm-eabi\com.sysprogs.arm.stm32\STM32F3xxxx\STM32F3xx_HAL_Driver\Src\stm32f3xx_hal_can.c">
      <Filter>Source files\Device-specific files\HAL</Filter>
    </ClCompile>
    <ClCompile Include="..\..\..\Users\pawel\AppData\Local\VisualGDB\EmbeddedBSPs\arm-eabi\com.sysprogs.arm.stm32\STM32F3xxxx\STM32F3xx_HAL_Driver\Src\stm32f3xx_hal_cec.c">
      <Filter>Source files\Device-specific files\HAL</Filter>
    </ClCompile>
    <ClCompile Include="..\..\..\Users\pawel\AppData\Local\VisualGDB\EmbeddedBSPs\arm-eabi\com.sysprogs.arm.stm32\STM32F3xxxx\STM32F3xx_HAL_Driver\Src\stm32f3xx_hal_comp.c">
      <Filter>Source files\Device-specific files\HAL</Filter>
    </ClCompile>
    <ClCompile Include="..\..\..\Users\pawel\AppData\Local\VisualGDB\EmbeddedBSPs\arm-eabi\com.sysprogs.arm.stm32\STM32F3xxxx\STM32F3xx_HAL_Driver\Src\stm32f3xx_hal_cortex.c">
      <Filter>Source files\Device-specific files\HAL</Filter>
    </ClCompile>
    <ClCompile Include="..\..\..\Users\pawel\AppData\Local\VisualGDB\EmbeddedBSPs\arm-eabi\com.sysprogs.arm.stm32\STM32F3xxxx\STM32F3xx_HAL_Driver\Src\stm32f3xx_hal_crc.c">
      <Filter>Source files\Device-specific files\HAL</Filter>
    </ClCompile>
    <ClCompile Include="..\..\..\Users\pawel\AppData\Local\VisualGDB\EmbeddedBSPs\arm-eabi\com.sysprogs.arm.stm32\STM32F3xxxx\STM32F3xx_HAL_Driver\Src\stm32f3xx_hal_crc_ex.c">
      <Filter>Source files\Device-specific files\HAL</Filter>
    </ClCompile>
    <ClCompile Include="..\..\..\Users\pawel\AppData\Local\VisualGDB\EmbeddedBSPs\arm-eabi\com.sysprogs.arm.stm32\STM32F3xxxx\STM32F3xx_HAL_Driver\Src\stm32f3xx_hal_dac.c">
      <Filter>Source files\Device-specific files\HAL</Filter>
    </ClCompile>
    <ClCompile Include="..\..\..\Users\pawel\AppData\Local\VisualGDB\EmbeddedBSPs\arm-eabi\com.sysprogs.arm.stm32\STM32F3xxxx\STM32F3xx_HAL_Driver\Src\stm32f3xx_hal_dac_ex.c">
      <Filter>Source files\Device-specific files\HAL</Filter>
    </ClCompile>
    <ClCompile Include="..\..\..\Users\pawel\AppData\Local\VisualGDB\EmbeddedBSPs\arm-eabi\com.sysprogs.arm.stm32\STM32F3xxxx\STM32F3xx_HAL_Driver\Src\stm32f3xx_hal_dma.c">
      <Filter>Source files\Device-specific files\HAL</Filter>
    </ClCompile>
    <ClCompile Include="..\..\..\Users\pawel\AppData\Local\VisualGDB\EmbeddedBSPs\arm-eabi\com.sysprogs.arm.stm32\STM32F3xxxx\STM32F3xx_HAL_Driver\Src\stm32f3xx_hal_flash.c">
      <Filter>Source files\Device-specific files\HAL</Filter>
    </ClCompile>
    <ClCompile Include="..\..\..\Users\pawel\AppData\Local\VisualGDB\EmbeddedBSPs\arm-eabi\com.sysprogs.arm.stm32\STM32F3xxxx\STM32F3xx_HAL_Driver\Src\stm32f3xx_hal_flash_ex.c">
      <Filter>Source files\Device-specific files\HAL</Filter>
    </ClCompile>
    <ClCompile Include="..\..\..\Users\pawel\AppData\Local\VisualGDB\EmbeddedBSPs\arm-eabi\com.sysprogs.arm.stm32\STM32F3xxxx\STM32F3xx_HAL_Driver\Src\stm32f3xx_hal_gpio.c">
      <Filter>Source files\Device-specific files\HAL</Filter>
    </ClCompile>
    <ClCompile Include="..\..\..\Users\pawel\AppData\Local\VisualGDB\EmbeddedBSPs\arm-eabi\com.sysprogs.arm.stm32\STM32F3xxxx\STM32F3xx_HAL_Driver\Src\stm32f3xx_hal_hrtim.c">
      <Filter>Source files\Device-specific files\HAL</Filter>
    </ClCompile>
    <ClCompile Include="..\..\..\Users\pawel\AppData\Local\VisualGDB\EmbeddedBSPs\arm-eabi\com.sysprogs.arm.stm32\STM32F3xxxx\STM32F3xx_HAL_Driver\Src\stm32f3xx_hal_i2c.c">
      <Filter>Source files\Device-specific files\HAL</Filter>
    </ClCompile>
    <ClCompile Include="..\..\..\Users\pawel\AppData\Local\VisualGDB\EmbeddedBSPs\arm-eabi\com.sysprogs.arm.stm32\STM32F3xxxx\STM32F3xx_HAL_Driver\Src\stm32f3xx_hal_i2c_ex.c">
      <Filter>Source files\Device-specific files\HAL</Filter>
    </ClCompile>
    <ClCompile Include="..\..\..\Users\pawel\AppData\Local\VisualGDB\EmbeddedBSPs\arm-eabi\com.sysprogs.arm.stm32\STM32F3xxxx\STM32F3xx_HAL_Driver\Src\stm32f3xx_hal_i2s.c">
      <Filter>Source files\Device-specific files\HAL</Filter>
    </ClCompile>
    <ClCompile Include="..\..\..\Users\pawel\AppData\Local\VisualGDB\EmbeddedBSPs\arm-eabi\com.sysprogs.arm.stm32\STM32F3xxxx\STM32F3xx_HAL_Driver\Src\stm32f3xx_hal_i2s_ex.c">
      <Filter>Source files\Device-specific files\HAL</Filter>
    </ClCompile>
    <ClCompile Include="..\..\..\Users\pawel\AppData\Local\VisualGDB\EmbeddedBSPs\arm-eabi\com.sysprogs.arm.stm32\STM32F3xxxx\STM32F3xx_HAL_Driver\Src\stm32f3xx_hal_irda.c">
      <Filter>Source files\Device-specific files\HAL</Filter>
    </ClCompile>
    <ClCompile Include="..\..\..\Users\pawel\AppData\Local\VisualGDB\EmbeddedBSPs\arm-eabi\com.sysprogs.arm.stm32\STM32F3xxxx\STM32F3xx_HAL_Driver\Src\stm32f3xx_hal_iwdg.c">
      <Filter>Source files\Device-specific files\HAL</Filter>
    </ClCompile>
    <ClCompile Include="..\..\..\Users\pawel\AppData\Local\VisualGDB\EmbeddedBSPs\arm-eabi\com.sysprogs.arm.stm32\STM32F3xxxx\STM32F3xx_HAL_Driver\Src\stm32f3xx_hal_nand.c">
      <Filter>Source files\Device-specific files\HAL</Filter>
    </ClCompile>
    <ClCompile Include="..\..\..\Users\pawel\AppData\Local\VisualGDB\EmbeddedBSPs\arm-eabi\com.sysprogs.arm.stm32\STM32F3xxxx\STM32F3xx_HAL_Driver\Src\stm32f3xx_hal_nor.c">
      <Filter>Source files\Device-specific files\HAL</Filter>
    </ClCompile>
    <ClCompile Include="..\..\..\Users\pawel\AppData\Local\VisualGDB\EmbeddedBSPs\arm-eabi\com.sysprogs.arm.stm32\STM32F3xxxx\STM32F3xx_HAL_Driver\Src\stm32f3xx_hal_opamp.c">
      <Filter>Source files\Device-specific files\HAL</Filter>
    </ClCompile>
    <ClCompile Include="..\..\..\Users\pawel\AppData\Local\VisualGDB\EmbeddedBSPs\arm-eabi\com.sysprogs.arm.stm32\STM32F3xxxx\STM32F3xx_HAL_Driver\Src\stm32f3xx_hal_opamp_ex.c">
      <Filter>Source files\Device-specific files\HAL</Filter>
    </ClCompile>
    <ClCompile Include="..\..\..\Users\pawel\AppData\Local\VisualGDB\EmbeddedBSPs\arm-eabi\com.sysprogs.arm.stm32\STM32F3xxxx\STM32F3xx_HAL_Driver\Src\stm32f3xx_hal_pccard.c">
      <Filter>Source files\Device-specific files\HAL</Filter>
    </ClCompile>
    <ClCompile Include="..\..\..\Users\pawel\AppData\Local\VisualGDB\EmbeddedBSPs\arm-eabi\com.sysprogs.arm.stm32\STM32F3xxxx\STM32F3xx_HAL_Driver\Src\stm32f3xx_hal_pcd.c">
      <Filter>Source files\Device-specific files\HAL</Filter>
    </ClCompile>
    <ClCompile Include="..\..\..\Users\pawel\AppData\Local\VisualGDB\EmbeddedBSPs\arm-eabi\com.sysprogs.arm.stm32\STM32F3xxxx\STM32F3xx_HAL_Driver\Src\stm32f3xx_hal_pcd_ex.c">
      <Filter>Source files\Device-specific files\HAL</Filter>
    </ClCompile>
    <ClCompile Include="..\..\..\Users\pawel\AppData\Local\VisualGDB\EmbeddedBSPs\arm-eabi\com.sysprogs.arm.stm32\STM32F3xxxx\STM32F3xx_HAL_Driver\Src\stm32f3xx_hal_ppp.c">
      <Filter>Source files\Device-specific files\HAL</Filter>
    </ClCompile>
    <ClCompile Include="..\..\..\Users\pawel\AppData\Local\VisualGDB\EmbeddedBSPs\arm-eabi\com.sysprogs.arm.stm32\STM32F3xxxx\STM32F3xx_HAL_Driver\Src\stm32f3xx_hal_pwr.c">
      <Filter>Source files\Device-specific files\HAL</Filter>
    </ClCompile>
    <ClCompile Include="..\..\..\Users\pawel\AppData\Local\VisualGDB\EmbeddedBSPs\arm-eabi\com.sysprogs.arm.stm32\STM32F3xxxx\STM32F3xx_HAL_Driver\Src\stm32f3xx_hal_pwr_ex.c">
      <Filter>Source files\Device-specific files\HAL</Filter>
    </ClCompile>
    <ClCompile Include="..\..\..\Users\pawel\AppData\Local\VisualGDB\EmbeddedBSPs\arm-eabi\com.sysprogs.arm.stm32\STM32F3xxxx\STM32F3xx_HAL_Driver\Src\stm32f3xx_hal_rcc.c">
      <Filter>Source files\Device-specific files\HAL</Filter>
    </ClCompile>
    <ClCompile Include="..\..\..\Users\pawel\AppData\Local\VisualGDB\EmbeddedBSPs\arm-eabi\com.sysprogs.arm.stm32\STM32F3xxxx\STM32F3xx_HAL_Driver\Src\stm32f3xx_hal_rcc_ex.c">
      <Filter>Source files\Device-specific files\HAL</Filter>
    </ClCompile>
    <ClCompile Include="..\..\..\Users\pawel\AppData\Local\VisualGDB\EmbeddedBSPs\arm-eabi\com.sysprogs.arm.stm32\STM32F3xxxx\STM32F3xx_HAL_Driver\Src\stm32f3xx_hal_rtc.c">
      <Filter>Source files\Device-specific files\HAL</Filter>
    </ClCompile>
    <ClCompile Include="..\..\..\Users\pawel\AppData\Local\VisualGDB\EmbeddedBSPs\arm-eabi\com.sysprogs.arm.stm32\STM32F3xxxx\STM32F3xx_HAL_Driver\Src\stm32f3xx_hal_rtc_ex.c">
      <Filter>Source files\Device-specific files\HAL</Filter>
    </ClCompile>
    <ClCompile Include="..\..\..\Users\pawel\AppData\Local\VisualGDB\EmbeddedBSPs\arm-eabi\com.sysprogs.arm.stm32\STM32F3xxxx\STM32F3xx_HAL_Driver\Src\stm32f3xx_hal_sdadc.c">
      <Filter>Source files\Device-specific files\HAL</Filter>
    </ClCompile>
    <ClCompile Include="..\..\..\Users\pawel\AppData\Local\VisualGDB\EmbeddedBSPs\arm-eabi\com.sysprogs.arm.stm32\STM32F3xxxx\STM32F3xx_HAL_Driver\Src\stm32f3xx_hal_smartcard.c">
      <Filter>Source files\Device-specific files\HAL</Filter>
    </ClCompile>
    <ClCompile Include="..\..\..\Users\pawel\AppData\Local\VisualGDB\EmbeddedBSPs\arm-eabi\com.sysprogs.arm.stm32\STM32F3xxxx\STM32F3xx_HAL_Driver\Src\stm32f3xx_hal_smartcard_ex.c">
      <Filter>Source files\Device-specific files\HAL</Filter>
    </ClCompile>
    <ClCompile Include="..\..\..\Users\pawel\AppData\Local\VisualGDB\EmbeddedBSPs\arm-eabi\com.sysprogs.arm.stm32\STM32F3xxxx\STM32F3xx_HAL_Driver\Src\stm32f3xx_hal_smbus.c">
      <Filter>Source files\Device-specific files\HAL</Filter>
    </ClCompile>
    <ClCompile Include="..\..\..\Users\pawel\AppData\Local\VisualGDB\EmbeddedBSPs\arm-eabi\com.sysprogs.arm.stm32\STM32F3xxxx\STM32F3xx_HAL_Driver\Src\stm32f3xx_hal_spi.c">
      <Filter>Source files\Device-specific files\HAL</Filter>
    </ClCompile>
    <ClCompile Include="..\..\..\Users\pawel\AppData\Local\VisualGDB\EmbeddedBSPs\arm-eabi\com.sysprogs.arm.stm32\STM32F3xxxx\STM32F3xx_HAL_Driver\Src\stm32f3xx_hal_sram.c">
      <Filter>Source files\Device-specific files\HAL</Filter>
    </ClCompile>
    <ClCompile Include="..\..\..\Users\pawel\AppData\Local\VisualGDB\EmbeddedBSPs\arm-eabi\com.sysprogs.arm.stm32\STM32F3xxxx\STM32F3xx_HAL_Driver\Src\stm32f3xx_hal_tim.c">
      <Filter>Source files\Device-specific files\HAL</Filter>
    </ClCompile>
    <ClCompile Include="..\..\..\Users\pawel\AppData\Local\VisualGDB\EmbeddedBSPs\arm-eabi\com.sysprogs.arm.stm32\STM32F3xxxx\STM32F3xx_HAL_Driver\Src\stm32f3xx_hal_tim_ex.c">
      <Filter>Source files\Device-specific files\HAL</Filter>
    </ClCompile>
    <ClCompile Include="..\..\..\Users\pawel\AppData\Local\VisualGDB\EmbeddedBSPs\arm-eabi\com.sysprogs.arm.stm32\STM32F3xxxx\STM32F3xx_HAL_Driver\Src\stm32f3xx_hal_tsc.c">
      <Filter>Source files\Device-specific files\HAL</Filter>
    </ClCompile>
    <ClCompile Include="..\..\..\Users\pawel\AppData\Local\VisualGDB\EmbeddedBSPs\arm-eabi\com.sysprogs.arm.stm32\STM32F3xxxx\STM32F3xx_HAL_Driver\Src\stm32f3xx_hal_uart.c">
      <Filter>Source files\Device-specific files\HAL</Filter>
    </ClCompile>
    <ClCompile Include="..\..\..\Users\pawel\AppData\Local\VisualGDB\EmbeddedBSPs\arm-eabi\com.sysprogs.arm.stm32\STM32F3xxxx\STM32F3xx_HAL_Driver\Src\stm32f3xx_hal_uart_ex.c">
      <Filter>Source files\Device-specific files\HAL</Filter>
    </ClCompile>
    <ClCompile Include="..\..\..\Users\pawel\AppData\Local\VisualGDB\EmbeddedBSPs\arm-eabi\com.sysprogs.arm.stm32\STM32F3xxxx\STM32F3xx_HAL_Driver\Src\stm32f3xx_hal_usart.c">
      <Filter>Source files\Device-specific files\HAL</Filter>
    </ClCompile>
    <ClCompile Include="..\..\..\Users\pawel\AppData\Local\VisualGDB\EmbeddedBSPs\arm-eabi\com.sysprogs.arm.stm32\STM32F3xxxx\STM32F3xx_HAL_Driver\Src\stm32f3xx_hal_wwdg.c">
      <Filter>Source files\Device-specific files\HAL</Filter>
    </ClCompile>
    <ClCompile Include="..\..\..\Users\pawel\AppData\Local\VisualGDB\EmbeddedBSPs\arm-eabi\com.sysprogs.arm.stm32\STM32F3xxxx\STM32F3xx_HAL_Driver\Src\stm32f3xx_ll_fmc.c">
      <Filter>Source files\Device-specific files\HAL</Filter>
    </ClCompile>
    <ClCompile Include="X-NUCLEO-IHM07M1.c">
      <Filter>Source files\Drivers</Filter>
    </ClCompile>
    <ClCompile Include="stm32F302_nucleo_ihm07m1.c">
      <Filter>Source files\Drivers</Filter>
    </ClCompile>
    <ClCompile Include="l6230.c">
      <Filter>Source files\Drivers</Filter>
    </ClCompile>
    <ClCompile Include="6Step_Lib.c">
      <Filter>Source files\Drivers</Filter>
    </ClCompile>
    <ClCompile Include="main_F302.c">
      <Filter>Source files\Drivers</Filter>
    </ClCompile>
    <ClCompile Include="UART_UI.c">
      <Filter>Source files\Drivers</Filter>
    </ClCompile>
    <ClCompile Include="stm32f3xx_nucleo.c">
      <Filter>Source files\Drivers</Filter>
    </ClCompile>
    <ClCompile Include="stm32f3xx_it.c">
      <Filter>Source files\Drivers</Filter>
    </ClCompile>
    <ClCompile Include="stm32f3xx_hal_msp.c">
      <Filter>Source files\Drivers</Filter>
    </ClCompile>
    <ClCompile Include="..\..\..\Users\pawel\AppData\Local\VisualGDB\EmbeddedBSPs\arm-eabi\com.sysprogs.arm.stm32\STM32F3xxxx\StartupFiles\startup_stm32f302x8.c">
      <Filter>Source files\Device-specific files</Filter>
    </ClCompile>
    <ClCompile Include="DSP\DSP_Lib\Source\BasicMathFunctions\arm_abs_f32.c">
      <Filter>Source files\DSP_Lib\Source\BasicMathFunctions</Filter>
    </ClCompile>
    <ClCompile Include="DSP\DSP_Lib\Source\BasicMathFunctions\arm_abs_q15.c">
      <Filter>Source files\DSP_Lib\Source\BasicMathFunctions</Filter>
    </ClCompile>
    <ClCompile Include="DSP\DSP_Lib\Source\BasicMathFunctions\arm_abs_q31.c">
      <Filter>Source files\DSP_Lib\Source\BasicMathFunctions</Filter>
    </ClCompile>
    <ClCompile Include="DSP\DSP_Lib\Source\BasicMathFunctions\arm_abs_q7.c">
      <Filter>Source files\DSP_Lib\Source\BasicMathFunctions</Filter>
    </ClCompile>
    <ClCompile Include="DSP\DSP_Lib\Source\BasicMathFunctions\arm_add_f32.c">
      <Filter>Source files\DSP_Lib\Source\BasicMathFunctions</Filter>
    </ClCompile>
    <ClCompile Include="DSP\DSP_Lib\Source\BasicMathFunctions\arm_add_q15.c">
      <Filter>Source files\DSP_Lib\Source\BasicMathFunctions</Filter>
    </ClCompile>
    <ClCompile Include="DSP\DSP_Lib\Source\BasicMathFunctions\arm_add_q31.c">
      <Filter>Source files\DSP_Lib\Source\BasicMathFunctions</Filter>
    </ClCompile>
    <ClCompile Include="DSP\DSP_Lib\Source\BasicMathFunctions\arm_add_q7.c">
      <Filter>Source files\DSP_Lib\Source\BasicMathFunctions</Filter>
    </ClCompile>
    <ClCompile Include="DSP\DSP_Lib\Source\BasicMathFunctions\arm_dot_prod_f32.c">
      <Filter>Source files\DSP_Lib\Source\BasicMathFunctions</Filter>
    </ClCompile>
    <ClCompile Include="DSP\DSP_Lib\Source\BasicMathFunctions\arm_dot_prod_q15.c">
      <Filter>Source files\DSP_Lib\Source\BasicMathFunctions</Filter>
    </ClCompile>
    <ClCompile Include="DSP\DSP_Lib\Source\BasicMathFunctions\arm_dot_prod_q31.c">
      <Filter>Source files\DSP_Lib\Source\BasicMathFunctions</Filter>
    </ClCompile>
    <ClCompile Include="DSP\DSP_Lib\Source\BasicMathFunctions\arm_dot_prod_q7.c">
      <Filter>Source files\DSP_Lib\Source\BasicMathFunctions</Filter>
    </ClCompile>
    <ClCompile Include="DSP\DSP_Lib\Source\BasicMathFunctions\arm_mult_f32.c">
      <Filter>Source files\DSP_Lib\Source\BasicMathFunctions</Filter>
    </ClCompile>
    <ClCompile Include="DSP\DSP_Lib\Source\BasicMathFunctions\arm_mult_q15.c">
      <Filter>Source files\DSP_Lib\Source\BasicMathFunctions</Filter>
    </ClCompile>
    <ClCompile Include="DSP\DSP_Lib\Source\BasicMathFunctions\arm_mult_q31.c">
      <Filter>Source files\DSP_Lib\Source\BasicMathFunctions</Filter>
    </ClCompile>
    <ClCompile Include="DSP\DSP_Lib\Source\BasicMathFunctions\arm_mult_q7.c">
      <Filter>Source files\DSP_Lib\Source\BasicMathFunctions</Filter>
    </ClCompile>
    <ClCompile Include="DSP\DSP_Lib\Source\BasicMathFunctions\arm_negate_f32.c">
      <Filter>Source files\DSP_Lib\Source\BasicMathFunctions</Filter>
    </ClCompile>
    <ClCompile Include="DSP\DSP_Lib\Source\BasicMathFunctions\arm_negate_q15.c">
      <Filter>Source files\DSP_Lib\Source\BasicMathFunctions</Filter>
    </ClCompile>
    <ClCompile Include="DSP\DSP_Lib\Source\BasicMathFunctions\arm_negate_q31.c">
      <Filter>Source files\DSP_Lib\Source\BasicMathFunctions</Filter>
    </ClCompile>
    <ClCompile Include="DSP\DSP_Lib\Source\BasicMathFunctions\arm_negate_q7.c">
      <Filter>Source files\DSP_Lib\Source\BasicMathFunctions</Filter>
    </ClCompile>
    <ClCompile Include="DSP\DSP_Lib\Source\BasicMathFunctions\arm_offset_f32.c">
      <Filter>Source files\DSP_Lib\Source\BasicMathFunctions</Filter>
    </ClCompile>
    <ClCompile Include="DSP\DSP_Lib\Source\BasicMathFunctions\arm_offset_q15.c">
      <Filter>Source files\DSP_Lib\Source\BasicMathFunctions</Filter>
    </ClCompile>
    <ClCompile Include="DSP\DSP_Lib\Source\BasicMathFunctions\arm_offset_q31.c">
      <Filter>Source files\DSP_Lib\Source\BasicMathFunctions</Filter>
    </ClCompile>
    <ClCompile Include="DSP\DSP_Lib\Source\BasicMathFunctions\arm_offset_q7.c">
      <Filter>Source files\DSP_Lib\Source\BasicMathFunctions</Filter>
    </ClCompile>
    <ClCompile Include="DSP\DSP_Lib\Source\BasicMathFunctions\arm_scale_f32.c">
      <Filter>Source files\DSP_Lib\Source\BasicMathFunctions</Filter>
    </ClCompile>
    <ClCompile Include="DSP\DSP_Lib\Source\BasicMathFunctions\arm_scale_q15.c">
      <Filter>Source files\DSP_Lib\Source\BasicMathFunctions</Filter>
    </ClCompile>
    <ClCompile Include="DSP\DSP_Lib\Source\BasicMathFunctions\arm_scale_q31.c">
      <Filter>Source files\DSP_Lib\Source\BasicMathFunctions</Filter>
    </ClCompile>
    <ClCompile Include="DSP\DSP_Lib\Source\BasicMathFunctions\arm_scale_q7.c">
      <Filter>Source files\DSP_Lib\Source\BasicMathFunctions</Filter>
    </ClCompile>
    <ClCompile Include="DSP\DSP_Lib\Source\BasicMathFunctions\arm_shift_q15.c">
      <Filter>Source files\DSP_Lib\Source\BasicMathFunctions</Filter>
    </ClCompile>
    <ClCompile Include="DSP\DSP_Lib\Source\BasicMathFunctions\arm_shift_q31.c">
      <Filter>Source files\DSP_Lib\Source\BasicMathFunctions</Filter>
    </ClCompile>
    <ClCompile Include="DSP\DSP_Lib\Source\BasicMathFunctions\arm_shift_q7.c">
      <Filter>Source files\DSP_Lib\Source\BasicMathFunctions</Filter>
    </ClCompile>
    <ClCompile Include="DSP\DSP_Lib\Source\BasicMathFunctions\arm_sub_f32.c">
      <Filter>Source files\DSP_Lib\Source\BasicMathFunctions</Filter>
    </ClCompile>
    <ClCompile Include="DSP\DSP_Lib\Source\BasicMathFunctions\arm_sub_q15.c">
      <Filter>Source files\DSP_Lib\Source\BasicMathFunctions</Filter>
    </ClCompile>
    <ClCompile Include="DSP\DSP_Lib\Source\BasicMathFunctions\arm_sub_q31.c">
      <Filter>Source files\DSP_Lib\Source\BasicMathFunctions</Filter>
    </ClCompile>
    <ClCompile Include="DSP\DSP_Lib\Source\BasicMathFunctions\arm_sub_q7.c">
      <Filter>Source files\DSP_Lib\Source\BasicMathFunctions</Filter>
    </ClCompile>
    <ClCompile Include="DSP\DSP_Lib\Source\CommonTables\arm_common_tables.c">
      <Filter>Source files\DSP_Lib\Source\CommonTables</Filter>
    </ClCompile>
    <ClCompile Include="DSP\DSP_Lib\Source\ComplexMathFunctions\arm_cmplx_conj_f32.c">
      <Filter>Source files\DSP_Lib\Source\ComplexMathFunctions</Filter>
    </ClCompile>
    <ClCompile Include="DSP\DSP_Lib\Source\ComplexMathFunctions\arm_cmplx_conj_q15.c">
      <Filter>Source files\DSP_Lib\Source\ComplexMathFunctions</Filter>
    </ClCompile>
    <ClCompile Include="DSP\DSP_Lib\Source\ComplexMathFunctions\arm_cmplx_conj_q31.c">
      <Filter>Source files\DSP_Lib\Source\ComplexMathFunctions</Filter>
    </ClCompile>
    <ClCompile Include="DSP\DSP_Lib\Source\ComplexMathFunctions\arm_cmplx_dot_prod_f32.c">
      <Filter>Source files\DSP_Lib\Source\ComplexMathFunctions</Filter>
    </ClCompile>
    <ClCompile Include="DSP\DSP_Lib\Source\ComplexMathFunctions\arm_cmplx_dot_prod_q15.c">
      <Filter>Source files\DSP_Lib\Source\ComplexMathFunctions</Filter>
    </ClCompile>
    <ClCompile Include="DSP\DSP_Lib\Source\ComplexMathFunctions\arm_cmplx_dot_prod_q31.c">
      <Filter>Source files\DSP_Lib\Source\ComplexMathFunctions</Filter>
    </ClCompile>
    <ClCompile Include="DSP\DSP_Lib\Source\ComplexMathFunctions\arm_cmplx_mag_f32.c">
      <Filter>Source files\DSP_Lib\Source\ComplexMathFunctions</Filter>
    </ClCompile>
    <ClCompile Include="DSP\DSP_Lib\Source\ComplexMathFunctions\arm_cmplx_mag_q15.c">
      <Filter>Source files\DSP_Lib\Source\ComplexMathFunctions</Filter>
    </ClCompile>
    <ClCompile Include="DSP\DSP_Lib\Source\ComplexMathFunctions\arm_cmplx_mag_q31.c">
      <Filter>Source files\DSP_Lib\Source\ComplexMathFunctions</Filter>
    </ClCompile>
    <ClCompile Include="DSP\DSP_Lib\Source\ComplexMathFunctions\arm_cmplx_mag_squared_f32.c">
      <Filter>Source files\DSP_Lib\Source\ComplexMathFunctions</Filter>
    </ClCompile>
    <ClCompile Include="DSP\DSP_Lib\Source\ComplexMathFunctions\arm_cmplx_mag_squared_q15.c">
      <Filter>Source files\DSP_Lib\Source\ComplexMathFunctions</Filter>
    </ClCompile>
    <ClCompile Include="DSP\DSP_Lib\Source\ComplexMathFunctions\arm_cmplx_mag_squared_q31.c">
      <Filter>Source files\DSP_Lib\Source\ComplexMathFunctions</Filter>
    </ClCompile>
    <ClCompile Include="DSP\DSP_Lib\Source\ComplexMathFunctions\arm_cmplx_mult_cmplx_f32.c">
      <Filter>Source files\DSP_Lib\Source\ComplexMathFunctions</Filter>
    </ClCompile>
    <ClCompile Include="DSP\DSP_Lib\Source\ComplexMathFunctions\arm_cmplx_mult_cmplx_q15.c">
      <Filter>Source files\DSP_Lib\Source\ComplexMathFunctions</Filter>
    </ClCompile>
    <ClCompile Include="DSP\DSP_Lib\Source\ComplexMathFunctions\arm_cmplx_mult_cmplx_q31.c">
      <Filter>Source files\DSP_Lib\Source\ComplexMathFunctions</Filter>
    </ClCompile>
    <ClCompile Include="DSP\DSP_Lib\Source\ComplexMathFunctions\arm_cmplx_mult_real_f32.c">
      <Filter>Source files\DSP_Lib\Source\ComplexMathFunctions</Filter>
    </ClCompile>
    <ClCompile Include="DSP\DSP_Lib\Source\ComplexMathFunctions\arm_cmplx_mult_real_q15.c">
      <Filter>Source files\DSP_Lib\Source\ComplexMathFunctions</Filter>
    </ClCompile>
    <ClCompile Include="DSP\DSP_Lib\Source\ComplexMathFunctions\arm_cmplx_mult_real_q31.c">
      <Filter>Source files\DSP_Lib\Source\ComplexMathFunctions</Filter>
    </ClCompile>
    <ClCompile Include="DSP\DSP_Lib\Source\ControllerFunctions\arm_pid_init_f32.c">
      <Filter>Source files\DSP_Lib\Source\ControllerFunctions</Filter>
    </ClCompile>
    <ClCompile Include="DSP\DSP_Lib\Source\ControllerFunctions\arm_pid_init_q15.c">
      <Filter>Source files\DSP_Lib\Source\ControllerFunctions</Filter>
    </ClCompile>
    <ClCompile Include="DSP\DSP_Lib\Source\ControllerFunctions\arm_pid_init_q31.c">
      <Filter>Source files\DSP_Lib\Source\ControllerFunctions</Filter>
    </ClCompile>
    <ClCompile Include="DSP\DSP_Lib\Source\ControllerFunctions\arm_pid_reset_f32.c">
      <Filter>Source files\DSP_Lib\Source\ControllerFunctions</Filter>
    </ClCompile>
    <ClCompile Include="DSP\DSP_Lib\Source\ControllerFunctions\arm_pid_reset_q15.c">
      <Filter>Source files\DSP_Lib\Source\ControllerFunctions</Filter>
    </ClCompile>
    <ClCompile Include="DSP\DSP_Lib\Source\ControllerFunctions\arm_pid_reset_q31.c">
      <Filter>Source files\DSP_Lib\Source\ControllerFunctions</Filter>
    </ClCompile>
    <ClCompile Include="DSP\DSP_Lib\Source\ControllerFunctions\arm_sin_cos_f32.c">
      <Filter>Source files\DSP_Lib\Source\ControllerFunctions</Filter>
    </ClCompile>
    <ClCompile Include="DSP\DSP_Lib\Source\ControllerFunctions\arm_sin_cos_q31.c">
      <Filter>Source files\DSP_Lib\Source\ControllerFunctions</Filter>
    </ClCompile>
    <ClCompile Include="DSP\DSP_Lib\Source\FastMathFunctions\arm_cos_f32.c">
      <Filter>Source files\DSP_Lib\Source\FastMathFunctions</Filter>
    </ClCompile>
    <ClCompile Include="DSP\DSP_Lib\Source\FastMathFunctions\arm_cos_q15.c">
      <Filter>Source files\DSP_Lib\Source\FastMathFunctions</Filter>
    </ClCompile>
    <ClCompile Include="DSP\DSP_Lib\Source\FastMathFunctions\arm_cos_q31.c">
      <Filter>Source files\DSP_Lib\Source\FastMathFunctions</Filter>
    </ClCompile>
    <ClCompile Include="DSP\DSP_Lib\Source\FastMathFunctions\arm_sin_f32.c">
      <Filter>Source files\DSP_Lib\Source\FastMathFunctions</Filter>
    </ClCompile>
    <ClCompile Include="DSP\DSP_Lib\Source\FastMathFunctions\arm_sin_q15.c">
      <Filter>Source files\DSP_Lib\Source\FastMathFunctions</Filter>
    </ClCompile>
    <ClCompile Include="DSP\DSP_Lib\Source\FastMathFunctions\arm_sin_q31.c">
      <Filter>Source files\DSP_Lib\Source\FastMathFunctions</Filter>
    </ClCompile>
    <ClCompile Include="DSP\DSP_Lib\Source\FastMathFunctions\arm_sqrt_q15.c">
      <Filter>Source files\DSP_Lib\Source\FastMathFunctions</Filter>
    </ClCompile>
    <ClCompile Include="DSP\DSP_Lib\Source\FastMathFunctions\arm_sqrt_q31.c">
      <Filter>Source files\DSP_Lib\Source\FastMathFunctions</Filter>
    </ClCompile>
    <ClCompile Include="DSP\DSP_Lib\Source\FilteringFunctions\arm_biquad_cascade_df1_32x64_init_q31.c">
      <Filter>Source files\DSP_Lib\Source\FilteringFunctions</Filter>
    </ClCompile>
    <ClCompile Include="DSP\DSP_Lib\Source\FilteringFunctions\arm_biquad_cascade_df1_32x64_q31.c">
      <Filter>Source files\DSP_Lib\Source\FilteringFunctions</Filter>
    </ClCompile>
    <ClCompile Include="DSP\DSP_Lib\Source\FilteringFunctions\arm_biquad_cascade_df1_f32.c">
      <Filter>Source files\DSP_Lib\Source\FilteringFunctions</Filter>
    </ClCompile>
    <ClCompile Include="DSP\DSP_Lib\Source\FilteringFunctions\arm_biquad_cascade_df1_fast_q15.c">
      <Filter>Source files\DSP_Lib\Source\FilteringFunctions</Filter>
    </ClCompile>
    <ClCompile Include="DSP\DSP_Lib\Source\FilteringFunctions\arm_biquad_cascade_df1_fast_q31.c">
      <Filter>Source files\DSP_Lib\Source\FilteringFunctions</Filter>
    </ClCompile>
    <ClCompile Include="DSP\DSP_Lib\Source\FilteringFunctions\arm_biquad_cascade_df1_init_f32.c">
      <Filter>Source files\DSP_Lib\Source\FilteringFunctions</Filter>
    </ClCompile>
    <ClCompile Include="DSP\DSP_Lib\Source\FilteringFunctions\arm_biquad_cascade_df1_init_q15.c">
      <Filter>Source files\DSP_Lib\Source\FilteringFunctions</Filter>
    </ClCompile>
    <ClCompile Include="DSP\DSP_Lib\Source\FilteringFunctions\arm_biquad_cascade_df1_init_q31.c">
      <Filter>Source files\DSP_Lib\Source\FilteringFunctions</Filter>
    </ClCompile>
    <ClCompile Include="DSP\DSP_Lib\Source\FilteringFunctions\arm_biquad_cascade_df1_q15.c">
      <Filter>Source files\DSP_Lib\Source\FilteringFunctions</Filter>
    </ClCompile>
    <ClCompile Include="DSP\DSP_Lib\Source\FilteringFunctions\arm_biquad_cascade_df1_q31.c">
      <Filter>Source files\DSP_Lib\Source\FilteringFunctions</Filter>
    </ClCompile>
    <ClCompile Include="DSP\DSP_Lib\Source\FilteringFunctions\arm_biquad_cascade_df2T_f32.c">
      <Filter>Source files\DSP_Lib\Source\FilteringFunctions</Filter>
    </ClCompile>
    <ClCompile Include="DSP\DSP_Lib\Source\FilteringFunctions\arm_biquad_cascade_df2T_init_f32.c">
      <Filter>Source files\DSP_Lib\Source\FilteringFunctions</Filter>
    </ClCompile>
    <ClCompile Include="DSP\DSP_Lib\Source\FilteringFunctions\arm_conv_f32.c">
      <Filter>Source files\DSP_Lib\Source\FilteringFunctions</Filter>
    </ClCompile>
    <ClCompile Include="DSP\DSP_Lib\Source\FilteringFunctions\arm_conv_fast_opt_q15.c">
      <Filter>Source files\DSP_Lib\Source\FilteringFunctions</Filter>
    </ClCompile>
    <ClCompile Include="DSP\DSP_Lib\Source\FilteringFunctions\arm_conv_fast_q15.c">
      <Filter>Source files\DSP_Lib\Source\FilteringFunctions</Filter>
    </ClCompile>
    <ClCompile Include="DSP\DSP_Lib\Source\FilteringFunctions\arm_conv_fast_q31.c">
      <Filter>Source files\DSP_Lib\Source\FilteringFunctions</Filter>
    </ClCompile>
    <ClCompile Include="DSP\DSP_Lib\Source\FilteringFunctions\arm_conv_opt_q15.c">
      <Filter>Source files\DSP_Lib\Source\FilteringFunctions</Filter>
    </ClCompile>
    <ClCompile Include="DSP\DSP_Lib\Source\FilteringFunctions\arm_conv_opt_q7.c">
      <Filter>Source files\DSP_Lib\Source\FilteringFunctions</Filter>
    </ClCompile>
    <ClCompile Include="DSP\DSP_Lib\Source\FilteringFunctions\arm_conv_partial_f32.c">
      <Filter>Source files\DSP_Lib\Source\FilteringFunctions</Filter>
    </ClCompile>
    <ClCompile Include="DSP\DSP_Lib\Source\FilteringFunctions\arm_conv_partial_fast_opt_q15.c">
      <Filter>Source files\DSP_Lib\Source\FilteringFunctions</Filter>
    </ClCompile>
    <ClCompile Include="DSP\DSP_Lib\Source\FilteringFunctions\arm_conv_partial_fast_q15.c">
      <Filter>Source files\DSP_Lib\Source\FilteringFunctions</Filter>
    </ClCompile>
    <ClCompile Include="DSP\DSP_Lib\Source\FilteringFunctions\arm_conv_partial_fast_q31.c">
      <Filter>Source files\DSP_Lib\Source\FilteringFunctions</Filter>
    </ClCompile>
    <ClCompile Include="DSP\DSP_Lib\Source\FilteringFunctions\arm_conv_partial_opt_q15.c">
      <Filter>Source files\DSP_Lib\Source\FilteringFunctions</Filter>
    </ClCompile>
    <ClCompile Include="DSP\DSP_Lib\Source\FilteringFunctions\arm_conv_partial_opt_q7.c">
      <Filter>Source files\DSP_Lib\Source\FilteringFunctions</Filter>
    </ClCompile>
    <ClCompile Include="DSP\DSP_Lib\Source\FilteringFunctions\arm_conv_partial_q15.c">
      <Filter>Source files\DSP_Lib\Source\FilteringFunctions</Filter>
    </ClCompile>
    <ClCompile Include="DSP\DSP_Lib\Source\FilteringFunctions\arm_conv_partial_q31.c">
      <Filter>Source files\DSP_Lib\Source\FilteringFunctions</Filter>
    </ClCompile>
    <ClCompile Include="DSP\DSP_Lib\Source\FilteringFunctions\arm_conv_partial_q7.c">
      <Filter>Source files\DSP_Lib\Source\FilteringFunctions</Filter>
    </ClCompile>
    <ClCompile Include="DSP\DSP_Lib\Source\FilteringFunctions\arm_conv_q15.c">
      <Filter>Source files\DSP_Lib\Source\FilteringFunctions</Filter>
    </ClCompile>
    <ClCompile Include="DSP\DSP_Lib\Source\FilteringFunctions\arm_conv_q31.c">
      <Filter>Source files\DSP_Lib\Source\FilteringFunctions</Filter>
    </ClCompile>
    <ClCompile Include="DSP\DSP_Lib\Source\FilteringFunctions\arm_conv_q7.c">
      <Filter>Source files\DSP_Lib\Source\FilteringFunctions</Filter>
    </ClCompile>
    <ClCompile Include="DSP\DSP_Lib\Source\FilteringFunctions\arm_correlate_f32.c">
      <Filter>Source files\DSP_Lib\Source\FilteringFunctions</Filter>
    </ClCompile>
    <ClCompile Include="DSP\DSP_Lib\Source\FilteringFunctions\arm_correlate_fast_opt_q15.c">
      <Filter>Source files\DSP_Lib\Source\FilteringFunctions</Filter>
    </ClCompile>
    <ClCompile Include="DSP\DSP_Lib\Source\FilteringFunctions\arm_correlate_fast_q15.c">
      <Filter>Source files\DSP_Lib\Source\FilteringFunctions</Filter>
    </ClCompile>
    <ClCompile Include="DSP\DSP_Lib\Source\FilteringFunctions\arm_correlate_fast_q31.c">
      <Filter>Source files\DSP_Lib\Source\FilteringFunctions</Filter>
    </ClCompile>
    <ClCompile Include="DSP\DSP_Lib\Source\FilteringFunctions\arm_correlate_opt_q15.c">
      <Filter>Source files\DSP_Lib\Source\FilteringFunctions</Filter>
    </ClCompile>
    <ClCompile Include="DSP\DSP_Lib\Source\FilteringFunctions\arm_correlate_opt_q7.c">
      <Filter>Source files\DSP_Lib\Source\FilteringFunctions</Filter>
    </ClCompile>
    <ClCompile Include="DSP\DSP_Lib\Source\FilteringFunctions\arm_correlate_q15.c">
      <Filter>Source files\DSP_Lib\Source\FilteringFunctions</Filter>
    </ClCompile>
    <ClCompile Include="DSP\DSP_Lib\Source\FilteringFunctions\arm_correlate_q31.c">
      <Filter>Source files\DSP_Lib\Source\FilteringFunctions</Filter>
    </ClCompile>
    <ClCompile Include="DSP\DSP_Lib\Source\FilteringFunctions\arm_correlate_q7.c">
      <Filter>Source files\DSP_Lib\Source\FilteringFunctions</Filter>
    </ClCompile>
    <ClCompile Include="DSP\DSP_Lib\Source\FilteringFunctions\arm_fir_decimate_f32.c">
      <Filter>Source files\DSP_Lib\Source\FilteringFunctions</Filter>
    </ClCompile>
    <ClCompile Include="DSP\DSP_Lib\Source\FilteringFunctions\arm_fir_decimate_fast_q15.c">
      <Filter>Source files\DSP_Lib\Source\FilteringFunctions</Filter>
    </ClCompile>
    <ClCompile Include="DSP\DSP_Lib\Source\FilteringFunctions\arm_fir_decimate_fast_q31.c">
      <Filter>Source files\DSP_Lib\Source\FilteringFunctions</Filter>
    </ClCompile>
    <ClCompile Include="DSP\DSP_Lib\Source\FilteringFunctions\arm_fir_decimate_init_f32.c">
      <Filter>Source files\DSP_Lib\Source\FilteringFunctions</Filter>
    </ClCompile>
    <ClCompile Include="DSP\DSP_Lib\Source\FilteringFunctions\arm_fir_decimate_init_q15.c">
      <Filter>Source files\DSP_Lib\Source\FilteringFunctions</Filter>
    </ClCompile>
    <ClCompile Include="DSP\DSP_Lib\Source\FilteringFunctions\arm_fir_decimate_init_q31.c">
      <Filter>Source files\DSP_Lib\Source\FilteringFunctions</Filter>
    </ClCompile>
    <ClCompile Include="DSP\DSP_Lib\Source\FilteringFunctions\arm_fir_decimate_q15.c">
      <Filter>Source files\DSP_Lib\Source\FilteringFunctions</Filter>
    </ClCompile>
    <ClCompile Include="DSP\DSP_Lib\Source\FilteringFunctions\arm_fir_decimate_q31.c">
      <Filter>Source files\DSP_Lib\Source\FilteringFunctions</Filter>
    </ClCompile>
    <ClCompile Include="DSP\DSP_Lib\Source\FilteringFunctions\arm_fir_f32.c">
      <Filter>Source files\DSP_Lib\Source\FilteringFunctions</Filter>
    </ClCompile>
    <ClCompile Include="DSP\DSP_Lib\Source\FilteringFunctions\arm_fir_fast_q15.c">
      <Filter>Source files\DSP_Lib\Source\FilteringFunctions</Filter>
    </ClCompile>
    <ClCompile Include="DSP\DSP_Lib\Source\FilteringFunctions\arm_fir_fast_q31.c">
      <Filter>Source files\DSP_Lib\Source\FilteringFunctions</Filter>
    </ClCompile>
    <ClCompile Include="DSP\DSP_Lib\Source\FilteringFunctions\arm_fir_init_f32.c">
      <Filter>Source files\DSP_Lib\Source\FilteringFunctions</Filter>
    </ClCompile>
    <ClCompile Include="DSP\DSP_Lib\Source\FilteringFunctions\arm_fir_init_q15.c">
      <Filter>Source files\DSP_Lib\Source\FilteringFunctions</Filter>
    </ClCompile>
    <ClCompile Include="DSP\DSP_Lib\Source\FilteringFunctions\arm_fir_init_q31.c">
      <Filter>Source files\DSP_Lib\Source\FilteringFunctions</Filter>
    </ClCompile>
    <ClCompile Include="DSP\DSP_Lib\Source\FilteringFunctions\arm_fir_init_q7.c">
      <Filter>Source files\DSP_Lib\Source\FilteringFunctions</Filter>
    </ClCompile>
    <ClCompile Include="DSP\DSP_Lib\Source\FilteringFunctions\arm_fir_interpolate_f32.c">
      <Filter>Source files\DSP_Lib\Source\FilteringFunctions</Filter>
    </ClCompile>
    <ClCompile Include="DSP\DSP_Lib\Source\FilteringFunctions\arm_fir_interpolate_init_f32.c">
      <Filter>Source files\DSP_Lib\Source\FilteringFunctions</Filter>
    </ClCompile>
    <ClCompile Include="DSP\DSP_Lib\Source\FilteringFunctions\arm_fir_interpolate_init_q15.c">
      <Filter>Source files\DSP_Lib\Source\FilteringFunctions</Filter>
    </ClCompile>
    <ClCompile Include="DSP\DSP_Lib\Source\FilteringFunctions\arm_fir_interpolate_init_q31.c">
      <Filter>Source files\DSP_Lib\Source\FilteringFunctions</Filter>
    </ClCompile>
    <ClCompile Include="DSP\DSP_Lib\Source\FilteringFunctions\arm_fir_interpolate_q15.c">
      <Filter>Source files\DSP_Lib\Source\FilteringFunctions</Filter>
    </ClCompile>
    <ClCompile Include="DSP\DSP_Lib\Source\FilteringFunctions\arm_fir_interpolate_q31.c">
      <Filter>Source files\DSP_Lib\Source\FilteringFunctions</Filter>
    </ClCompile>
    <ClCompile Include="DSP\DSP_Lib\Source\FilteringFunctions\arm_fir_lattice_f32.c">
      <Filter>Source files\DSP_Lib\Source\FilteringFunctions</Filter>
    </ClCompile>
    <ClCompile Include="DSP\DSP_Lib\Source\FilteringFunctions\arm_fir_lattice_init_f32.c">
      <Filter>Source files\DSP_Lib\Source\FilteringFunctions</Filter>
    </ClCompile>
    <ClCompile Include="DSP\DSP_Lib\Source\FilteringFunctions\arm_fir_lattice_init_q15.c">
      <Filter>Source files\DSP_Lib\Source\FilteringFunctions</Filter>
    </ClCompile>
    <ClCompile Include="DSP\DSP_Lib\Source\FilteringFunctions\arm_fir_lattice_init_q31.c">
      <Filter>Source files\DSP_Lib\Source\FilteringFunctions</Filter>
    </ClCompile>
    <ClCompile Include="DSP\DSP_Lib\Source\FilteringFunctions\arm_fir_lattice_q15.c">
      <Filter>Source files\DSP_Lib\Source\FilteringFunctions</Filter>
    </ClCompile>
    <ClCompile Include="DSP\DSP_Lib\Source\FilteringFunctions\arm_fir_lattice_q31.c">
      <Filter>Source files\DSP_Lib\Source\FilteringFunctions</Filter>
    </ClCompile>
    <ClCompile Include="DSP\DSP_Lib\Source\FilteringFunctions\arm_fir_q15.c">
      <Filter>Source files\DSP_Lib\Source\FilteringFunctions</Filter>
    </ClCompile>
    <ClCompile Include="DSP\DSP_Lib\Source\FilteringFunctions\arm_fir_q31.c">
      <Filter>Source files\DSP_Lib\Source\FilteringFunctions</Filter>
    </ClCompile>
    <ClCompile Include="DSP\DSP_Lib\Source\FilteringFunctions\arm_fir_q7.c">
      <Filter>Source files\DSP_Lib\Source\FilteringFunctions</Filter>
    </ClCompile>
    <ClCompile Include="DSP\DSP_Lib\Source\FilteringFunctions\arm_fir_sparse_f32.c">
      <Filter>Source files\DSP_Lib\Source\FilteringFunctions</Filter>
    </ClCompile>
    <ClCompile Include="DSP\DSP_Lib\Source\FilteringFunctions\arm_fir_sparse_init_f32.c">
      <Filter>Source files\DSP_Lib\Source\FilteringFunctions</Filter>
    </ClCompile>
    <ClCompile Include="DSP\DSP_Lib\Source\FilteringFunctions\arm_fir_sparse_init_q15.c">
      <Filter>Source files\DSP_Lib\Source\FilteringFunctions</Filter>
    </ClCompile>
    <ClCompile Include="DSP\DSP_Lib\Source\FilteringFunctions\arm_fir_sparse_init_q31.c">
      <Filter>Source files\DSP_Lib\Source\FilteringFunctions</Filter>
    </ClCompile>
    <ClCompile Include="DSP\DSP_Lib\Source\FilteringFunctions\arm_fir_sparse_init_q7.c">
      <Filter>Source files\DSP_Lib\Source\FilteringFunctions</Filter>
    </ClCompile>
    <ClCompile Include="DSP\DSP_Lib\Source\FilteringFunctions\arm_fir_sparse_q15.c">
      <Filter>Source files\DSP_Lib\Source\FilteringFunctions</Filter>
    </ClCompile>
    <ClCompile Include="DSP\DSP_Lib\Source\FilteringFunctions\arm_fir_sparse_q31.c">
      <Filter>Source files\DSP_Lib\Source\FilteringFunctions</Filter>
    </ClCompile>
    <ClCompile Include="DSP\DSP_Lib\Source\FilteringFunctions\arm_fir_sparse_q7.c">
      <Filter>Source files\DSP_Lib\Source\FilteringFunctions</Filter>
    </ClCompile>
    <ClCompile Include="DSP\DSP_Lib\Source\FilteringFunctions\arm_iir_lattice_f32.c">
      <Filter>Source files\DSP_Lib\Source\FilteringFunctions</Filter>
    </ClCompile>
    <ClCompile Include="DSP\DSP_Lib\Source\FilteringFunctions\arm_iir_lattice_init_f32.c">
      <Filter>Source files\DSP_Lib\Source\FilteringFunctions</Filter>
    </ClCompile>
    <ClCompile Include="DSP\DSP_Lib\Source\FilteringFunctions\arm_iir_lattice_init_q15.c">
      <Filter>Source files\DSP_Lib\Source\FilteringFunctions</Filter>
    </ClCompile>
    <ClCompile Include="DSP\DSP_Lib\Source\FilteringFunctions\arm_iir_lattice_init_q31.c">
      <Filter>Source files\DSP_Lib\Source\FilteringFunctions</Filter>
    </ClCompile>
    <ClCompile Include="DSP\DSP_Lib\Source\FilteringFunctions\arm_iir_lattice_q15.c">
      <Filter>Source files\DSP_Lib\Source\FilteringFunctions</Filter>
    </ClCompile>
    <ClCompile Include="DSP\DSP_Lib\Source\FilteringFunctions\arm_iir_lattice_q31.c">
      <Filter>Source files\DSP_Lib\Source\FilteringFunctions</Filter>
    </ClCompile>
    <ClCompile Include="DSP\DSP_Lib\Source\FilteringFunctions\arm_lms_f32.c">
      <Filter>Source files\DSP_Lib\Source\FilteringFunctions</Filter>
    </ClCompile>
    <ClCompile Include="DSP\DSP_Lib\Source\FilteringFunctions\arm_lms_init_f32.c">
      <Filter>Source files\DSP_Lib\Source\FilteringFunctions</Filter>
    </ClCompile>
    <ClCompile Include="DSP\DSP_Lib\Source\FilteringFunctions\arm_lms_init_q15.c">
      <Filter>Source files\DSP_Lib\Source\FilteringFunctions</Filter>
    </ClCompile>
    <ClCompile Include="DSP\DSP_Lib\Source\FilteringFunctions\arm_lms_init_q31.c">
      <Filter>Source files\DSP_Lib\Source\FilteringFunctions</Filter>
    </ClCompile>
    <ClCompile Include="DSP\DSP_Lib\Source\FilteringFunctions\arm_lms_norm_f32.c">
      <Filter>Source files\DSP_Lib\Source\FilteringFunctions</Filter>
    </ClCompile>
    <ClCompile Include="DSP\DSP_Lib\Source\FilteringFunctions\arm_lms_norm_init_f32.c">
      <Filter>Source files\DSP_Lib\Source\FilteringFunctions</Filter>
    </ClCompile>
    <ClCompile Include="DSP\DSP_Lib\Source\FilteringFunctions\arm_lms_norm_init_q15.c">
      <Filter>Source files\DSP_Lib\Source\FilteringFunctions</Filter>
    </ClCompile>
    <ClCompile Include="DSP\DSP_Lib\Source\FilteringFunctions\arm_lms_norm_init_q31.c">
      <Filter>Source files\DSP_Lib\Source\FilteringFunctions</Filter>
    </ClCompile>
    <ClCompile Include="DSP\DSP_Lib\Source\FilteringFunctions\arm_lms_norm_q15.c">
      <Filter>Source files\DSP_Lib\Source\FilteringFunctions</Filter>
    </ClCompile>
    <ClCompile Include="DSP\DSP_Lib\Source\FilteringFunctions\arm_lms_norm_q31.c">
      <Filter>Source files\DSP_Lib\Source\FilteringFunctions</Filter>
    </ClCompile>
    <ClCompile Include="DSP\DSP_Lib\Source\FilteringFunctions\arm_lms_q15.c">
      <Filter>Source files\DSP_Lib\Source\FilteringFunctions</Filter>
    </ClCompile>
    <ClCompile Include="DSP\DSP_Lib\Source\FilteringFunctions\arm_lms_q31.c">
      <Filter>Source files\DSP_Lib\Source\FilteringFunctions</Filter>
    </ClCompile>
    <ClCompile Include="DSP\DSP_Lib\Source\MatrixFunctions\arm_mat_add_f32.c">
      <Filter>Source files\DSP_Lib\Source\MatrixFunctions</Filter>
    </ClCompile>
    <ClCompile Include="DSP\DSP_Lib\Source\MatrixFunctions\arm_mat_add_q15.c">
      <Filter>Source files\DSP_Lib\Source\MatrixFunctions</Filter>
    </ClCompile>
    <ClCompile Include="DSP\DSP_Lib\Source\MatrixFunctions\arm_mat_add_q31.c">
      <Filter>Source files\DSP_Lib\Source\MatrixFunctions</Filter>
    </ClCompile>
    <ClCompile Include="DSP\DSP_Lib\Source\MatrixFunctions\arm_mat_init_f32.c">
      <Filter>Source files\DSP_Lib\Source\MatrixFunctions</Filter>
    </ClCompile>
    <ClCompile Include="DSP\DSP_Lib\Source\MatrixFunctions\arm_mat_init_q15.c">
      <Filter>Source files\DSP_Lib\Source\MatrixFunctions</Filter>
    </ClCompile>
    <ClCompile Include="DSP\DSP_Lib\Source\MatrixFunctions\arm_mat_init_q31.c">
      <Filter>Source files\DSP_Lib\Source\MatrixFunctions</Filter>
    </ClCompile>
    <ClCompile Include="DSP\DSP_Lib\Source\MatrixFunctions\arm_mat_inverse_f32.c">
      <Filter>Source files\DSP_Lib\Source\MatrixFunctions</Filter>
    </ClCompile>
    <ClCompile Include="DSP\DSP_Lib\Source\MatrixFunctions\arm_mat_mult_f32.c">
      <Filter>Source files\DSP_Lib\Source\MatrixFunctions</Filter>
    </ClCompile>
    <ClCompile Include="DSP\DSP_Lib\Source\MatrixFunctions\arm_mat_mult_fast_q15.c">
      <Filter>Source files\DSP_Lib\Source\MatrixFunctions</Filter>
    </ClCompile>
    <ClCompile Include="DSP\DSP_Lib\Source\MatrixFunctions\arm_mat_mult_fast_q31.c">
      <Filter>Source files\DSP_Lib\Source\MatrixFunctions</Filter>
    </ClCompile>
    <ClCompile Include="DSP\DSP_Lib\Source\MatrixFunctions\arm_mat_mult_q15.c">
      <Filter>Source files\DSP_Lib\Source\MatrixFunctions</Filter>
    </ClCompile>
    <ClCompile Include="DSP\DSP_Lib\Source\MatrixFunctions\arm_mat_mult_q31.c">
      <Filter>Source files\DSP_Lib\Source\MatrixFunctions</Filter>
    </ClCompile>
    <ClCompile Include="DSP\DSP_Lib\Source\MatrixFunctions\arm_mat_scale_f32.c">
      <Filter>Source files\DSP_Lib\Source\MatrixFunctions</Filter>
    </ClCompile>
    <ClCompile Include="DSP\DSP_Lib\Source\MatrixFunctions\arm_mat_scale_q15.c">
      <Filter>Source files\DSP_Lib\Source\MatrixFunctions</Filter>
    </ClCompile>
    <ClCompile Include="DSP\DSP_Lib\Source\MatrixFunctions\arm_mat_scale_q31.c">
      <Filter>Source files\DSP_Lib\Source\MatrixFunctions</Filter>
    </ClCompile>
    <ClCompile Include="DSP\DSP_Lib\Source\MatrixFunctions\arm_mat_sub_f32.c">
      <Filter>Source files\DSP_Lib\Source\MatrixFunctions</Filter>
    </ClCompile>
    <ClCompile Include="DSP\DSP_Lib\Source\MatrixFunctions\arm_mat_sub_q15.c">
      <Filter>Source files\DSP_Lib\Source\MatrixFunctions</Filter>
    </ClCompile>
    <ClCompile Include="DSP\DSP_Lib\Source\MatrixFunctions\arm_mat_sub_q31.c">
      <Filter>Source files\DSP_Lib\Source\MatrixFunctions</Filter>
    </ClCompile>
    <ClCompile Include="DSP\DSP_Lib\Source\MatrixFunctions\arm_mat_trans_f32.c">
      <Filter>Source files\DSP_Lib\Source\MatrixFunctions</Filter>
    </ClCompile>
    <ClCompile Include="DSP\DSP_Lib\Source\MatrixFunctions\arm_mat_trans_q15.c">
      <Filter>Source files\DSP_Lib\Source\MatrixFunctions</Filter>
    </ClCompile>
    <ClCompile Include="DSP\DSP_Lib\Source\MatrixFunctions\arm_mat_trans_q31.c">
      <Filter>Source files\DSP_Lib\Source\MatrixFunctions</Filter>
    </ClCompile>
    <ClCompile Include="DSP\DSP_Lib\Source\StatisticsFunctions\arm_max_f32.c">
      <Filter>Source files\DSP_Lib\Source\StatisticsFunctions</Filter>
    </ClCompile>
    <ClCompile Include="DSP\DSP_Lib\Source\StatisticsFunctions\arm_max_q15.c">
      <Filter>Source files\DSP_Lib\Source\StatisticsFunctions</Filter>
    </ClCompile>
    <ClCompile Include="DSP\DSP_Lib\Source\StatisticsFunctions\arm_max_q31.c">
      <Filter>Source files\DSP_Lib\Source\StatisticsFunctions</Filter>
    </ClCompile>
    <ClCompile Include="DSP\DSP_Lib\Source\StatisticsFunctions\arm_max_q7.c">
      <Filter>Source files\DSP_Lib\Source\StatisticsFunctions</Filter>
    </ClCompile>
    <ClCompile Include="DSP\DSP_Lib\Source\StatisticsFunctions\arm_mean_f32.c">
      <Filter>Source files\DSP_Lib\Source\StatisticsFunctions</Filter>
    </ClCompile>
    <ClCompile Include="DSP\DSP_Lib\Source\StatisticsFunctions\arm_mean_q15.c">
      <Filter>Source files\DSP_Lib\Source\StatisticsFunctions</Filter>
    </ClCompile>
    <ClCompile Include="DSP\DSP_Lib\Source\StatisticsFunctions\arm_mean_q31.c">
      <Filter>Source files\DSP_Lib\Source\StatisticsFunctions</Filter>
    </ClCompile>
    <ClCompile Include="DSP\DSP_Lib\Source\StatisticsFunctions\arm_mean_q7.c">
      <Filter>Source files\DSP_Lib\Source\StatisticsFunctions</Filter>
    </ClCompile>
    <ClCompile Include="DSP\DSP_Lib\Source\StatisticsFunctions\arm_min_f32.c">
      <Filter>Source files\DSP_Lib\Source\StatisticsFunctions</Filter>
    </ClCompile>
    <ClCompile Include="DSP\DSP_Lib\Source\StatisticsFunctions\arm_min_q15.c">
      <Filter>Source files\DSP_Lib\Source\StatisticsFunctions</Filter>
    </ClCompile>
    <ClCompile Include="DSP\DSP_Lib\Source\StatisticsFunctions\arm_min_q31.c">
      <Filter>Source files\DSP_Lib\Source\StatisticsFunctions</Filter>
    </ClCompile>
    <ClCompile Include="DSP\DSP_Lib\Source\StatisticsFunctions\arm_min_q7.c">
      <Filter>Source files\DSP_Lib\Source\StatisticsFunctions</Filter>
    </ClCompile>
    <ClCompile Include="DSP\DSP_Lib\Source\StatisticsFunctions\arm_power_f32.c">
      <Filter>Source files\DSP_Lib\Source\StatisticsFunctions</Filter>
    </ClCompile>
    <ClCompile Include="DSP\DSP_Lib\Source\StatisticsFunctions\arm_power_q15.c">
      <Filter>Source files\DSP_Lib\Source\StatisticsFunctions</Filter>
    </ClCompile>
    <ClCompile Include="DSP\DSP_Lib\Source\StatisticsFunctions\arm_power_q31.c">
      <Filter>Source files\DSP_Lib\Source\StatisticsFunctions</Filter>
    </ClCompile>
    <ClCompile Include="DSP\DSP_Lib\Source\StatisticsFunctions\arm_power_q7.c">
      <Filter>Source files\DSP_Lib\Source\StatisticsFunctions</Filter>
    </ClCompile>
    <ClCompile Include="DSP\DSP_Lib\Source\StatisticsFunctions\arm_rms_f32.c">
      <Filter>Source files\DSP_Lib\Source\StatisticsFunctions</Filter>
    </ClCompile>
    <ClCompile Include="DSP\DSP_Lib\Source\StatisticsFunctions\arm_rms_q15.c">
      <Filter>Source files\DSP_Lib\Source\StatisticsFunctions</Filter>
    </ClCompile>
    <ClCompile Include="DSP\DSP_Lib\Source\StatisticsFunctions\arm_rms_q31.c">
      <Filter>Source files\DSP_Lib\Source\StatisticsFunctions</Filter>
    </ClCompile>
    <ClCompile Include="DSP\DSP_Lib\Source\StatisticsFunctions\arm_std_f32.c">
      <Filter>Source files\DSP_Lib\Source\StatisticsFunctions</Filter>
    </ClCompile>
    <ClCompile Include="DSP\DSP_Lib\Source\StatisticsFunctions\arm_std_q15.c">
      <Filter>Source files\DSP_Lib\Source\StatisticsFunctions</Filter>
    </ClCompile>
    <ClCompile Include="DSP\DSP_Lib\Source\StatisticsFunctions\arm_std_q31.c">
      <Filter>Source files\DSP_Lib\Source\StatisticsFunctions</Filter>
    </ClCompile>
    <ClCompile Include="DSP\DSP_Lib\Source\StatisticsFunctions\arm_var_f32.c">
      <Filter>Source files\DSP_Lib\Source\StatisticsFunctions</Filter>
    </ClCompile>
    <ClCompile Include="DSP\DSP_Lib\Source\StatisticsFunctions\arm_var_q15.c">
      <Filter>Source files\DSP_Lib\Source\StatisticsFunctions</Filter>
    </ClCompile>
    <ClCompile Include="DSP\DSP_Lib\Source\StatisticsFunctions\arm_var_q31.c">
      <Filter>Source files\DSP_Lib\Source\StatisticsFunctions</Filter>
    </ClCompile>
    <ClCompile Include="DSP\DSP_Lib\Source\SupportFunctions\arm_copy_f32.c">
      <Filter>Source files\DSP_Lib\Source\SupportFunctions</Filter>
    </ClCompile>
    <ClCompile Include="DSP\DSP_Lib\Source\SupportFunctions\arm_copy_q15.c">
      <Filter>Source files\DSP_Lib\Source\SupportFunctions</Filter>
    </ClCompile>
    <ClCompile Include="DSP\DSP_Lib\Source\SupportFunctions\arm_copy_q31.c">
      <Filter>Source files\DSP_Lib\Source\SupportFunctions</Filter>
    </ClCompile>
    <ClCompile Include="DSP\DSP_Lib\Source\SupportFunctions\arm_copy_q7.c">
      <Filter>Source files\DSP_Lib\Source\SupportFunctions</Filter>
    </ClCompile>
    <ClCompile Include="DSP\DSP_Lib\Source\SupportFunctions\arm_fill_f32.c">
      <Filter>Source files\DSP_Lib\Source\SupportFunctions</Filter>
    </ClCompile>
    <ClCompile Include="DSP\DSP_Lib\Source\SupportFunctions\arm_fill_q15.c">
      <Filter>Source files\DSP_Lib\Source\SupportFunctions</Filter>
    </ClCompile>
    <ClCompile Include="DSP\DSP_Lib\Source\SupportFunctions\arm_fill_q31.c">
      <Filter>Source files\DSP_Lib\Source\SupportFunctions</Filter>
    </ClCompile>
    <ClCompile Include="DSP\DSP_Lib\Source\SupportFunctions\arm_fill_q7.c">
      <Filter>Source files\DSP_Lib\Source\SupportFunctions</Filter>
    </ClCompile>
    <ClCompile Include="DSP\DSP_Lib\Source\SupportFunctions\arm_float_to_q15.c">
      <Filter>Source files\DSP_Lib\Source\SupportFunctions</Filter>
    </ClCompile>
    <ClCompile Include="DSP\DSP_Lib\Source\SupportFunctions\arm_float_to_q31.c">
      <Filter>Source files\DSP_Lib\Source\SupportFunctions</Filter>
    </ClCompile>
    <ClCompile Include="DSP\DSP_Lib\Source\SupportFunctions\arm_float_to_q7.c">
      <Filter>Source files\DSP_Lib\Source\SupportFunctions</Filter>
    </ClCompile>
    <ClCompile Include="DSP\DSP_Lib\Source\SupportFunctions\arm_q15_to_float.c">
      <Filter>Source files\DSP_Lib\Source\SupportFunctions</Filter>
    </ClCompile>
    <ClCompile Include="DSP\DSP_Lib\Source\SupportFunctions\arm_q15_to_q31.c">
      <Filter>Source files\DSP_Lib\Source\SupportFunctions</Filter>
    </ClCompile>
    <ClCompile Include="DSP\DSP_Lib\Source\SupportFunctions\arm_q15_to_q7.c">
      <Filter>Source files\DSP_Lib\Source\SupportFunctions</Filter>
    </ClCompile>
    <ClCompile Include="DSP\DSP_Lib\Source\SupportFunctions\arm_q31_to_float.c">
      <Filter>Source files\DSP_Lib\Source\SupportFunctions</Filter>
    </ClCompile>
    <ClCompile Include="DSP\DSP_Lib\Source\SupportFunctions\arm_q31_to_q15.c">
      <Filter>Source files\DSP_Lib\Source\SupportFunctions</Filter>
    </ClCompile>
    <ClCompile Include="DSP\DSP_Lib\Source\SupportFunctions\arm_q31_to_q7.c">
      <Filter>Source files\DSP_Lib\Source\SupportFunctions</Filter>
    </ClCompile>
    <ClCompile Include="DSP\DSP_Lib\Source\SupportFunctions\arm_q7_to_float.c">
      <Filter>Source files\DSP_Lib\Source\SupportFunctions</Filter>
    </ClCompile>
    <ClCompile Include="DSP\DSP_Lib\Source\SupportFunctions\arm_q7_to_q15.c">
      <Filter>Source files\DSP_Lib\Source\SupportFunctions</Filter>
    </ClCompile>
    <ClCompile Include="DSP\DSP_Lib\Source\SupportFunctions\arm_q7_to_q31.c">
      <Filter>Source files\DSP_Lib\Source\SupportFunctions</Filter>
    </ClCompile>
    <ClCompile Include="DSP\DSP_Lib\Source\TransformFunctions\arm_bitreversal.c">
      <Filter>Source files\DSP_Lib\Source\TransformFunctions</Filter>
    </ClCompile>
    <ClCompile Include="DSP\DSP_Lib\Source\TransformFunctions\arm_cfft_radix2_f32.c">
      <Filter>Source files\DSP_Lib\Source\TransformFunctions</Filter>
    </ClCompile>
    <ClCompile Include="DSP\DSP_Lib\Source\TransformFunctions\arm_cfft_radix2_init_f32.c">
      <Filter>Source files\DSP_Lib\Source\TransformFunctions</Filter>
    </ClCompile>
    <ClCompile Include="DSP\DSP_Lib\Source\TransformFunctions\arm_cfft_radix2_init_q15.c">
      <Filter>Source files\DSP_Lib\Source\TransformFunctions</Filter>
    </ClCompile>
    <ClCompile Include="DSP\DSP_Lib\Source\TransformFunctions\arm_cfft_radix2_init_q31.c">
      <Filter>Source files\DSP_Lib\Source\TransformFunctions</Filter>
    </ClCompile>
    <ClCompile Include="DSP\DSP_Lib\Source\TransformFunctions\arm_cfft_radix2_q15.c">
      <Filter>Source files\DSP_Lib\Source\TransformFunctions</Filter>
    </ClCompile>
    <ClCompile Include="DSP\DSP_Lib\Source\TransformFunctions\arm_cfft_radix2_q31.c">
      <Filter>Source files\DSP_Lib\Source\TransformFunctions</Filter>
    </ClCompile>
    <ClCompile Include="DSP\DSP_Lib\Source\TransformFunctions\arm_cfft_radix4_f32.c">
      <Filter>Source files\DSP_Lib\Source\TransformFunctions</Filter>
    </ClCompile>
    <ClCompile Include="DSP\DSP_Lib\Source\TransformFunctions\arm_cfft_radix4_init_f32.c">
      <Filter>Source files\DSP_Lib\Source\TransformFunctions</Filter>
    </ClCompile>
    <ClCompile Include="DSP\DSP_Lib\Source\TransformFunctions\arm_cfft_radix4_init_q15.c">
      <Filter>Source files\DSP_Lib\Source\TransformFunctions</Filter>
    </ClCompile>
    <ClCompile Include="DSP\DSP_Lib\Source\TransformFunctions\arm_cfft_radix4_init_q31.c">
      <Filter>Source files\DSP_Lib\Source\TransformFunctions</Filter>
    </ClCompile>
    <ClCompile Include="DSP\DSP_Lib\Source\TransformFunctions\arm_cfft_radix4_q15.c">
      <Filter>Source files\DSP_Lib\Source\TransformFunctions</Filter>
    </ClCompile>
    <ClCompile Include="DSP\DSP_Lib\Source\TransformFunctions\arm_cfft_radix4_q31.c">
      <Filter>Source files\DSP_Lib\Source\TransformFunctions</Filter>
    </ClCompile>
    <ClCompile Include="DSP\DSP_Lib\Source\TransformFunctions\arm_dct4_f32.c">
      <Filter>Source files\DSP_Lib\Source\TransformFunctions</Filter>
    </ClCompile>
    <ClCompile Include="DSP\DSP_Lib\Source\TransformFunctions\arm_dct4_init_f32.c">
      <Filter>Source files\DSP_Lib\Source\TransformFunctions</Filter>
    </ClCompile>
    <ClCompile Include="DSP\DSP_Lib\Source\TransformFunctions\arm_dct4_init_q15.c">
      <Filter>Source files\DSP_Lib\Source\TransformFunctions</Filter>
    </ClCompile>
    <ClCompile Include="DSP\DSP_Lib\Source\TransformFunctions\arm_dct4_init_q31.c">
      <Filter>Source files\DSP_Lib\Source\TransformFunctions</Filter>
    </ClCompile>
    <ClCompile Include="DSP\DSP_Lib\Source\TransformFunctions\arm_dct4_q15.c">
      <Filter>Source files\DSP_Lib\Source\TransformFunctions</Filter>
    </ClCompile>
    <ClCompile Include="DSP\DSP_Lib\Source\TransformFunctions\arm_dct4_q31.c">
      <Filter>Source files\DSP_Lib\Source\TransformFunctions</Filter>
    </ClCompile>
    <ClCompile Include="DSP\DSP_Lib\Source\TransformFunctions\arm_rfft_f32.c">
      <Filter>Source files\DSP_Lib\Source\TransformFunctions</Filter>
    </ClCompile>
    <ClCompile Include="DSP\DSP_Lib\Source\TransformFunctions\arm_rfft_init_f32.c">
      <Filter>Source files\DSP_Lib\Source\TransformFunctions</Filter>
    </ClCompile>
    <ClCompile Include="DSP\DSP_Lib\Source\TransformFunctions\arm_rfft_init_q15.c">
      <Filter>Source files\DSP_Lib\Source\TransformFunctions</Filter>
    </ClCompile>
    <ClCompile Include="DSP\DSP_Lib\Source\TransformFunctions\arm_rfft_init_q31.c">
      <Filter>Source files\DSP_Lib\Source\TransformFunctions</Filter>
    </ClCompile>
    <ClCompile Include="DSP\DSP_Lib\Source\TransformFunctions\arm_rfft_q15.c">
      <Filter>Source files\DSP_Lib\Source\TransformFunctions</Filter>
    </ClCompile>
    <ClCompile Include="DSP\DSP_Lib\Source\TransformFunctions\arm_rfft_q31.c">
      <Filter>Source files\DSP_Lib\Source\TransformFunctions</Filter>
    </ClCompile>
  </ItemGroup>
  <ItemGroup>
    <ClInclude Include="X-NUCLEO-IHM07M1.h">
      <Filter>Header files\Drivers</Filter>
    </ClInclude>
    <ClInclude Include="stm32F302_nucleo_ihm07m1.h">
      <Filter>Header files\Drivers</Filter>
    </ClInclude>
    <ClInclude Include="l6230.h">
      <Filter>Header files\Drivers</Filter>
    </ClInclude>
    <ClInclude Include="..\..\..\Users\pawel\Desktop\X-CUBE-SPN7\Brushless\Projects\Multi\Examples\MotorControl\Inc\MC_SixStep_param.h">
      <Filter>Header files\Drivers</Filter>
    </ClInclude>
    <ClInclude Include="..\..\..\Users\pawel\Desktop\X-CUBE-SPN7\Brushless\Drivers\BSP\Components\Common\MC_Common.h">
      <Filter>Header files\Drivers</Filter>
    </ClInclude>
    <ClInclude Include="..\..\..\Users\pawel\Desktop\X-CUBE-SPN7\Brushless\Middlewares\ST\MC_6Step_Lib\Inc\stm32_nucleo_ihm07m1.h">
      <Filter>Header files\Drivers</Filter>
    </ClInclude>
    <ClInclude Include="6Step_Lib.h">
      <Filter>Header files\Drivers</Filter>
    </ClInclude>
    <ClInclude Include="main_F302.h">
      <Filter>Header files\Drivers</Filter>
    </ClInclude>
    <ClInclude Include="stm32f3xx_nucleo.h">
      <Filter>Header files\Drivers</Filter>
    </ClInclude>
    <ClInclude Include="UART_UI.h">
      <Filter>Header files\Drivers</Filter>
    </ClInclude>
    <ClInclude Include="stm32f3xx_hal_conf.h">
      <Filter>Header files\Drivers</Filter>
    </ClInclude>
    <ClInclude Include="stm32f3xx_it.h">
      <Filter>Header files\Drivers</Filter>
    </ClInclude>
    <ClInclude Include="..\..\..\Users\pawel\AppData\Local\VisualGDB\EmbeddedBSPs\arm-eabi\com.sysprogs.arm.stm32\STM32F3xxxx\STM32F3xx_HAL_Driver\Inc\stm32f3xx_hal.h">
      <Filter>Header files\Device-specific files\HAL</Filter>
    </ClInclude>
    <ClInclude Include="..\..\..\Users\pawel\AppData\Local\VisualGDB\EmbeddedBSPs\arm-eabi\com.sysprogs.arm.stm32\STM32F3xxxx\STM32F3xx_HAL_Driver\Inc\stm32f3xx_hal_adc.h">
      <Filter>Header files\Device-specific files\HAL</Filter>
    </ClInclude>
    <ClInclude Include="..\..\..\Users\pawel\AppData\Local\VisualGDB\EmbeddedBSPs\arm-eabi\com.sysprogs.arm.stm32\STM32F3xxxx\STM32F3xx_HAL_Driver\Inc\stm32f3xx_hal_adc_ex.h">
      <Filter>Header files\Device-specific files\HAL</Filter>
    </ClInclude>
    <ClInclude Include="..\..\..\Users\pawel\AppData\Local\VisualGDB\EmbeddedBSPs\arm-eabi\com.sysprogs.arm.stm32\STM32F3xxxx\STM32F3xx_HAL_Driver\Inc\stm32f3xx_hal_can.h">
      <Filter>Header files\Device-specific files\HAL</Filter>
    </ClInclude>
    <ClInclude Include="..\..\..\Users\pawel\AppData\Local\VisualGDB\EmbeddedBSPs\arm-eabi\com.sysprogs.arm.stm32\STM32F3xxxx\STM32F3xx_HAL_Driver\Inc\stm32f3xx_hal_cec.h">
      <Filter>Header files\Device-specific files\HAL</Filter>
    </ClInclude>
    <ClInclude Include="..\..\..\Users\pawel\AppData\Local\VisualGDB\EmbeddedBSPs\arm-eabi\com.sysprogs.arm.stm32\STM32F3xxxx\STM32F3xx_HAL_Driver\Inc\stm32f3xx_hal_comp.h">
      <Filter>Header files\Device-specific files\HAL</Filter>
    </ClInclude>
    <ClInclude Include="..\..\..\Users\pawel\AppData\Local\VisualGDB\EmbeddedBSPs\arm-eabi\com.sysprogs.arm.stm32\STM32F3xxxx\STM32F3xx_HAL_Driver\Inc\stm32f3xx_hal_comp_ex.h">
      <Filter>Header files\Device-specific files\HAL</Filter>
    </ClInclude>
    <ClInclude Include="..\..\..\Users\pawel\AppData\Local\VisualGDB\EmbeddedBSPs\arm-eabi\com.sysprogs.arm.stm32\STM32F3xxxx\STM32F3xx_HAL_Driver\Inc\stm32f3xx_hal_cortex.h">
      <Filter>Header files\Device-specific files\HAL</Filter>
    </ClInclude>
    <ClInclude Include="..\..\..\Users\pawel\AppData\Local\VisualGDB\EmbeddedBSPs\arm-eabi\com.sysprogs.arm.stm32\STM32F3xxxx\STM32F3xx_HAL_Driver\Inc\stm32f3xx_hal_crc.h">
      <Filter>Header files\Device-specific files\HAL</Filter>
    </ClInclude>
    <ClInclude Include="..\..\..\Users\pawel\AppData\Local\VisualGDB\EmbeddedBSPs\arm-eabi\com.sysprogs.arm.stm32\STM32F3xxxx\STM32F3xx_HAL_Driver\Inc\stm32f3xx_hal_crc_ex.h">
      <Filter>Header files\Device-specific files\HAL</Filter>
    </ClInclude>
    <ClInclude Include="..\..\..\Users\pawel\AppData\Local\VisualGDB\EmbeddedBSPs\arm-eabi\com.sysprogs.arm.stm32\STM32F3xxxx\STM32F3xx_HAL_Driver\Inc\stm32f3xx_hal_dac.h">
      <Filter>Header files\Device-specific files\HAL</Filter>
    </ClInclude>
    <ClInclude Include="..\..\..\Users\pawel\AppData\Local\VisualGDB\EmbeddedBSPs\arm-eabi\com.sysprogs.arm.stm32\STM32F3xxxx\STM32F3xx_HAL_Driver\Inc\stm32f3xx_hal_dac_ex.h">
      <Filter>Header files\Device-specific files\HAL</Filter>
    </ClInclude>
    <ClInclude Include="..\..\..\Users\pawel\AppData\Local\VisualGDB\EmbeddedBSPs\arm-eabi\com.sysprogs.arm.stm32\STM32F3xxxx\STM32F3xx_HAL_Driver\Inc\stm32f3xx_hal_def.h">
      <Filter>Header files\Device-specific files\HAL</Filter>
    </ClInclude>
    <ClInclude Include="..\..\..\Users\pawel\AppData\Local\VisualGDB\EmbeddedBSPs\arm-eabi\com.sysprogs.arm.stm32\STM32F3xxxx\STM32F3xx_HAL_Driver\Inc\stm32f3xx_hal_dma.h">
      <Filter>Header files\Device-specific files\HAL</Filter>
    </ClInclude>
    <ClInclude Include="..\..\..\Users\pawel\AppData\Local\VisualGDB\EmbeddedBSPs\arm-eabi\com.sysprogs.arm.stm32\STM32F3xxxx\STM32F3xx_HAL_Driver\Inc\stm32f3xx_hal_dma_ex.h">
      <Filter>Header files\Device-specific files\HAL</Filter>
    </ClInclude>
    <ClInclude Include="..\..\..\Users\pawel\AppData\Local\VisualGDB\EmbeddedBSPs\arm-eabi\com.sysprogs.arm.stm32\STM32F3xxxx\STM32F3xx_HAL_Driver\Inc\stm32f3xx_hal_flash.h">
      <Filter>Header files\Device-specific files\HAL</Filter>
    </ClInclude>
    <ClInclude Include="..\..\..\Users\pawel\AppData\Local\VisualGDB\EmbeddedBSPs\arm-eabi\com.sysprogs.arm.stm32\STM32F3xxxx\STM32F3xx_HAL_Driver\Inc\stm32f3xx_hal_flash_ex.h">
      <Filter>Header files\Device-specific files\HAL</Filter>
    </ClInclude>
    <ClInclude Include="..\..\..\Users\pawel\AppData\Local\VisualGDB\EmbeddedBSPs\arm-eabi\com.sysprogs.arm.stm32\STM32F3xxxx\STM32F3xx_HAL_Driver\Inc\stm32f3xx_hal_gpio.h">
      <Filter>Header files\Device-specific files\HAL</Filter>
    </ClInclude>
    <ClInclude Include="..\..\..\Users\pawel\AppData\Local\VisualGDB\EmbeddedBSPs\arm-eabi\com.sysprogs.arm.stm32\STM32F3xxxx\STM32F3xx_HAL_Driver\Inc\stm32f3xx_hal_gpio_ex.h">
      <Filter>Header files\Device-specific files\HAL</Filter>
    </ClInclude>
    <ClInclude Include="..\..\..\Users\pawel\AppData\Local\VisualGDB\EmbeddedBSPs\arm-eabi\com.sysprogs.arm.stm32\STM32F3xxxx\STM32F3xx_HAL_Driver\Inc\stm32f3xx_hal_hrtim.h">
      <Filter>Header files\Device-specific files\HAL</Filter>
    </ClInclude>
    <ClInclude Include="..\..\..\Users\pawel\AppData\Local\VisualGDB\EmbeddedBSPs\arm-eabi\com.sysprogs.arm.stm32\STM32F3xxxx\STM32F3xx_HAL_Driver\Inc\stm32f3xx_hal_i2c.h">
      <Filter>Header files\Device-specific files\HAL</Filter>
    </ClInclude>
    <ClInclude Include="..\..\..\Users\pawel\AppData\Local\VisualGDB\EmbeddedBSPs\arm-eabi\com.sysprogs.arm.stm32\STM32F3xxxx\STM32F3xx_HAL_Driver\Inc\stm32f3xx_hal_i2c_ex.h">
      <Filter>Header files\Device-specific files\HAL</Filter>
    </ClInclude>
    <ClInclude Include="..\..\..\Users\pawel\AppData\Local\VisualGDB\EmbeddedBSPs\arm-eabi\com.sysprogs.arm.stm32\STM32F3xxxx\STM32F3xx_HAL_Driver\Inc\stm32f3xx_hal_i2s.h">
      <Filter>Header files\Device-specific files\HAL</Filter>
    </ClInclude>
    <ClInclude Include="..\..\..\Users\pawel\AppData\Local\VisualGDB\EmbeddedBSPs\arm-eabi\com.sysprogs.arm.stm32\STM32F3xxxx\STM32F3xx_HAL_Driver\Inc\stm32f3xx_hal_i2s_ex.h">
      <Filter>Header files\Device-specific files\HAL</Filter>
    </ClInclude>
    <ClInclude Include="..\..\..\Users\pawel\AppData\Local\VisualGDB\EmbeddedBSPs\arm-eabi\com.sysprogs.arm.stm32\STM32F3xxxx\STM32F3xx_HAL_Driver\Inc\stm32f3xx_hal_irda.h">
      <Filter>Header files\Device-specific files\HAL</Filter>
    </ClInclude>
    <ClInclude Include="..\..\..\Users\pawel\AppData\Local\VisualGDB\EmbeddedBSPs\arm-eabi\com.sysprogs.arm.stm32\STM32F3xxxx\STM32F3xx_HAL_Driver\Inc\stm32f3xx_hal_irda_ex.h">
      <Filter>Header files\Device-specific files\HAL</Filter>
    </ClInclude>
    <ClInclude Include="..\..\..\Users\pawel\AppData\Local\VisualGDB\EmbeddedBSPs\arm-eabi\com.sysprogs.arm.stm32\STM32F3xxxx\STM32F3xx_HAL_Driver\Inc\stm32f3xx_hal_iwdg.h">
      <Filter>Header files\Device-specific files\HAL</Filter>
    </ClInclude>
    <ClInclude Include="..\..\..\Users\pawel\AppData\Local\VisualGDB\EmbeddedBSPs\arm-eabi\com.sysprogs.arm.stm32\STM32F3xxxx\STM32F3xx_HAL_Driver\Inc\stm32f3xx_hal_nand.h">
      <Filter>Header files\Device-specific files\HAL</Filter>
    </ClInclude>
    <ClInclude Include="..\..\..\Users\pawel\AppData\Local\VisualGDB\EmbeddedBSPs\arm-eabi\com.sysprogs.arm.stm32\STM32F3xxxx\STM32F3xx_HAL_Driver\Inc\stm32f3xx_hal_nor.h">
      <Filter>Header files\Device-specific files\HAL</Filter>
    </ClInclude>
    <ClInclude Include="..\..\..\Users\pawel\AppData\Local\VisualGDB\EmbeddedBSPs\arm-eabi\com.sysprogs.arm.stm32\STM32F3xxxx\STM32F3xx_HAL_Driver\Inc\stm32f3xx_hal_opamp.h">
      <Filter>Header files\Device-specific files\HAL</Filter>
    </ClInclude>
    <ClInclude Include="..\..\..\Users\pawel\AppData\Local\VisualGDB\EmbeddedBSPs\arm-eabi\com.sysprogs.arm.stm32\STM32F3xxxx\STM32F3xx_HAL_Driver\Inc\stm32f3xx_hal_opamp_ex.h">
      <Filter>Header files\Device-specific files\HAL</Filter>
    </ClInclude>
    <ClInclude Include="..\..\..\Users\pawel\AppData\Local\VisualGDB\EmbeddedBSPs\arm-eabi\com.sysprogs.arm.stm32\STM32F3xxxx\STM32F3xx_HAL_Driver\Inc\stm32f3xx_hal_pccard.h">
      <Filter>Header files\Device-specific files\HAL</Filter>
    </ClInclude>
    <ClInclude Include="..\..\..\Users\pawel\AppData\Local\VisualGDB\EmbeddedBSPs\arm-eabi\com.sysprogs.arm.stm32\STM32F3xxxx\STM32F3xx_HAL_Driver\Inc\stm32f3xx_hal_pcd.h">
      <Filter>Header files\Device-specific files\HAL</Filter>
    </ClInclude>
    <ClInclude Include="..\..\..\Users\pawel\AppData\Local\VisualGDB\EmbeddedBSPs\arm-eabi\com.sysprogs.arm.stm32\STM32F3xxxx\STM32F3xx_HAL_Driver\Inc\stm32f3xx_hal_pcd_ex.h">
      <Filter>Header files\Device-specific files\HAL</Filter>
    </ClInclude>
    <ClInclude Include="..\..\..\Users\pawel\AppData\Local\VisualGDB\EmbeddedBSPs\arm-eabi\com.sysprogs.arm.stm32\STM32F3xxxx\STM32F3xx_HAL_Driver\Inc\stm32f3xx_hal_ppp.h">
      <Filter>Header files\Device-specific files\HAL</Filter>
    </ClInclude>
    <ClInclude Include="..\..\..\Users\pawel\AppData\Local\VisualGDB\EmbeddedBSPs\arm-eabi\com.sysprogs.arm.stm32\STM32F3xxxx\STM32F3xx_HAL_Driver\Inc\stm32f3xx_hal_pwr.h">
      <Filter>Header files\Device-specific files\HAL</Filter>
    </ClInclude>
    <ClInclude Include="..\..\..\Users\pawel\AppData\Local\VisualGDB\EmbeddedBSPs\arm-eabi\com.sysprogs.arm.stm32\STM32F3xxxx\STM32F3xx_HAL_Driver\Inc\stm32f3xx_hal_pwr_ex.h">
      <Filter>Header files\Device-specific files\HAL</Filter>
    </ClInclude>
    <ClInclude Include="..\..\..\Users\pawel\AppData\Local\VisualGDB\EmbeddedBSPs\arm-eabi\com.sysprogs.arm.stm32\STM32F3xxxx\STM32F3xx_HAL_Driver\Inc\stm32f3xx_hal_rcc.h">
      <Filter>Header files\Device-specific files\HAL</Filter>
    </ClInclude>
    <ClInclude Include="..\..\..\Users\pawel\AppData\Local\VisualGDB\EmbeddedBSPs\arm-eabi\com.sysprogs.arm.stm32\STM32F3xxxx\STM32F3xx_HAL_Driver\Inc\stm32f3xx_hal_rcc_ex.h">
      <Filter>Header files\Device-specific files\HAL</Filter>
    </ClInclude>
    <ClInclude Include="..\..\..\Users\pawel\AppData\Local\VisualGDB\EmbeddedBSPs\arm-eabi\com.sysprogs.arm.stm32\STM32F3xxxx\STM32F3xx_HAL_Driver\Inc\stm32f3xx_hal_rtc.h">
      <Filter>Header files\Device-specific files\HAL</Filter>
    </ClInclude>
    <ClInclude Include="..\..\..\Users\pawel\AppData\Local\VisualGDB\EmbeddedBSPs\arm-eabi\com.sysprogs.arm.stm32\STM32F3xxxx\STM32F3xx_HAL_Driver\Inc\stm32f3xx_hal_rtc_ex.h">
      <Filter>Header files\Device-specific files\HAL</Filter>
    </ClInclude>
    <ClInclude Include="..\..\..\Users\pawel\AppData\Local\VisualGDB\EmbeddedBSPs\arm-eabi\com.sysprogs.arm.stm32\STM32F3xxxx\STM32F3xx_HAL_Driver\Inc\stm32f3xx_hal_sdadc.h">
      <Filter>Header files\Device-specific files\HAL</Filter>
    </ClInclude>
    <ClInclude Include="..\..\..\Users\pawel\AppData\Local\VisualGDB\EmbeddedBSPs\arm-eabi\com.sysprogs.arm.stm32\STM32F3xxxx\STM32F3xx_HAL_Driver\Inc\stm32f3xx_hal_smartcard.h">
      <Filter>Header files\Device-specific files\HAL</Filter>
    </ClInclude>
    <ClInclude Include="..\..\..\Users\pawel\AppData\Local\VisualGDB\EmbeddedBSPs\arm-eabi\com.sysprogs.arm.stm32\STM32F3xxxx\STM32F3xx_HAL_Driver\Inc\stm32f3xx_hal_smartcard_ex.h">
      <Filter>Header files\Device-specific files\HAL</Filter>
    </ClInclude>
    <ClInclude Include="..\..\..\Users\pawel\AppData\Local\VisualGDB\EmbeddedBSPs\arm-eabi\com.sysprogs.arm.stm32\STM32F3xxxx\STM32F3xx_HAL_Driver\Inc\stm32f3xx_hal_smbus.h">
      <Filter>Header files\Device-specific files\HAL</Filter>
    </ClInclude>
    <ClInclude Include="..\..\..\Users\pawel\AppData\Local\VisualGDB\EmbeddedBSPs\arm-eabi\com.sysprogs.arm.stm32\STM32F3xxxx\STM32F3xx_HAL_Driver\Inc\stm32f3xx_hal_spi.h">
      <Filter>Header files\Device-specific files\HAL</Filter>
    </ClInclude>
    <ClInclude Include="..\..\..\Users\pawel\AppData\Local\VisualGDB\EmbeddedBSPs\arm-eabi\com.sysprogs.arm.stm32\STM32F3xxxx\STM32F3xx_HAL_Driver\Inc\stm32f3xx_hal_sram.h">
      <Filter>Header files\Device-specific files\HAL</Filter>
    </ClInclude>
    <ClInclude Include="..\..\..\Users\pawel\AppData\Local\VisualGDB\EmbeddedBSPs\arm-eabi\com.sysprogs.arm.stm32\STM32F3xxxx\STM32F3xx_HAL_Driver\Inc\stm32f3xx_hal_tim.h">
      <Filter>Header files\Device-specific files\HAL</Filter>
    </ClInclude>
    <ClInclude Include="..\..\..\Users\pawel\AppData\Local\VisualGDB\EmbeddedBSPs\arm-eabi\com.sysprogs.arm.stm32\STM32F3xxxx\STM32F3xx_HAL_Driver\Inc\stm32f3xx_hal_tim_ex.h">
      <Filter>Header files\Device-specific files\HAL</Filter>
    </ClInclude>
    <ClInclude Include="..\..\..\Users\pawel\AppData\Local\VisualGDB\EmbeddedBSPs\arm-eabi\com.sysprogs.arm.stm32\STM32F3xxxx\STM32F3xx_HAL_Driver\Inc\stm32f3xx_hal_tsc.h">
      <Filter>Header files\Device-specific files\HAL</Filter>
    </ClInclude>
    <ClInclude Include="..\..\..\Users\pawel\AppData\Local\VisualGDB\EmbeddedBSPs\arm-eabi\com.sysprogs.arm.stm32\STM32F3xxxx\STM32F3xx_HAL_Driver\Inc\stm32f3xx_hal_uart.h">
      <Filter>Header files\Device-specific files\HAL</Filter>
    </ClInclude>
    <ClInclude Include="..\..\..\Users\pawel\AppData\Local\VisualGDB\EmbeddedBSPs\arm-eabi\com.sysprogs.arm.stm32\STM32F3xxxx\STM32F3xx_HAL_Driver\Inc\stm32f3xx_hal_uart_ex.h">
      <Filter>Header files\Device-specific files\HAL</Filter>
    </ClInclude>
    <ClInclude Include="..\..\..\Users\pawel\AppData\Local\VisualGDB\EmbeddedBSPs\arm-eabi\com.sysprogs.arm.stm32\STM32F3xxxx\STM32F3xx_HAL_Driver\Inc\stm32f3xx_hal_usart.h">
      <Filter>Header files\Device-specific files\HAL</Filter>
    </ClInclude>
    <ClInclude Include="..\..\..\Users\pawel\AppData\Local\VisualGDB\EmbeddedBSPs\arm-eabi\com.sysprogs.arm.stm32\STM32F3xxxx\STM32F3xx_HAL_Driver\Inc\stm32f3xx_hal_usart_ex.h">
      <Filter>Header files\Device-specific files\HAL</Filter>
    </ClInclude>
    <ClInclude Include="..\..\..\Users\pawel\AppData\Local\VisualGDB\EmbeddedBSPs\arm-eabi\com.sysprogs.arm.stm32\STM32F3xxxx\STM32F3xx_HAL_Driver\Inc\stm32f3xx_hal_wwdg.h">
      <Filter>Header files\Device-specific files\HAL</Filter>
    </ClInclude>
    <ClInclude Include="..\..\..\Users\pawel\AppData\Local\VisualGDB\EmbeddedBSPs\arm-eabi\com.sysprogs.arm.stm32\STM32F3xxxx\STM32F3xx_HAL_Driver\Inc\stm32f3xx_ll_fmc.h">
      <Filter>Header files\Device-specific files\HAL</Filter>
    </ClInclude>
    <ClInclude Include="..\..\..\Users\pawel\AppData\Local\VisualGDB\EmbeddedBSPs\arm-eabi\com.sysprogs.arm.stm32\STM32F3xxxx\CMSIS_HAL\Device\ST\STM32F3xx\Include\stm32f301x8.h">
      <Filter>Header files\Device-specific files\HAL</Filter>
    </ClInclude>
    <ClInclude Include="..\..\..\Users\pawel\AppData\Local\VisualGDB\EmbeddedBSPs\arm-eabi\com.sysprogs.arm.stm32\STM32F3xxxx\CMSIS_HAL\Device\ST\STM32F3xx\Include\stm32f302x8.h">
      <Filter>Header files\Device-specific files\HAL</Filter>
    </ClInclude>
    <ClInclude Include="..\..\..\Users\pawel\AppData\Local\VisualGDB\EmbeddedBSPs\arm-eabi\com.sysprogs.arm.stm32\STM32F3xxxx\CMSIS_HAL\Device\ST\STM32F3xx\Include\stm32f302xc.h">
      <Filter>Header files\Device-specific files\HAL</Filter>
    </ClInclude>
    <ClInclude Include="..\..\..\Users\pawel\AppData\Local\VisualGDB\EmbeddedBSPs\arm-eabi\com.sysprogs.arm.stm32\STM32F3xxxx\CMSIS_HAL\Device\ST\STM32F3xx\Include\stm32f302xe.h">
      <Filter>Header files\Device-specific files\HAL</Filter>
    </ClInclude>
    <ClInclude Include="..\..\..\Users\pawel\AppData\Local\VisualGDB\EmbeddedBSPs\arm-eabi\com.sysprogs.arm.stm32\STM32F3xxxx\CMSIS_HAL\Device\ST\STM32F3xx\Include\stm32f303x8.h">
      <Filter>Header files\Device-specific files\HAL</Filter>
    </ClInclude>
    <ClInclude Include="..\..\..\Users\pawel\AppData\Local\VisualGDB\EmbeddedBSPs\arm-eabi\com.sysprogs.arm.stm32\STM32F3xxxx\CMSIS_HAL\Device\ST\STM32F3xx\Include\stm32f303xc.h">
      <Filter>Header files\Device-specific files\HAL</Filter>
    </ClInclude>
    <ClInclude Include="..\..\..\Users\pawel\AppData\Local\VisualGDB\EmbeddedBSPs\arm-eabi\com.sysprogs.arm.stm32\STM32F3xxxx\CMSIS_HAL\Device\ST\STM32F3xx\Include\stm32f303xe.h">
      <Filter>Header files\Device-specific files\HAL</Filter>
    </ClInclude>
    <ClInclude Include="..\..\..\Users\pawel\AppData\Local\VisualGDB\EmbeddedBSPs\arm-eabi\com.sysprogs.arm.stm32\STM32F3xxxx\CMSIS_HAL\Device\ST\STM32F3xx\Include\stm32f318xx.h">
      <Filter>Header files\Device-specific files\HAL</Filter>
    </ClInclude>
    <ClInclude Include="..\..\..\Users\pawel\AppData\Local\VisualGDB\EmbeddedBSPs\arm-eabi\com.sysprogs.arm.stm32\STM32F3xxxx\CMSIS_HAL\Device\ST\STM32F3xx\Include\stm32f328xx.h">
      <Filter>Header files\Device-specific files\HAL</Filter>
    </ClInclude>
    <ClInclude Include="..\..\..\Users\pawel\AppData\Local\VisualGDB\EmbeddedBSPs\arm-eabi\com.sysprogs.arm.stm32\STM32F3xxxx\CMSIS_HAL\Device\ST\STM32F3xx\Include\stm32f334x8.h">
      <Filter>Header files\Device-specific files\HAL</Filter>
    </ClInclude>
    <ClInclude Include="..\..\..\Users\pawel\AppData\Local\VisualGDB\EmbeddedBSPs\arm-eabi\com.sysprogs.arm.stm32\STM32F3xxxx\CMSIS_HAL\Device\ST\STM32F3xx\Include\stm32f358xx.h">
      <Filter>Header files\Device-specific files\HAL</Filter>
    </ClInclude>
    <ClInclude Include="..\..\..\Users\pawel\AppData\Local\VisualGDB\EmbeddedBSPs\arm-eabi\com.sysprogs.arm.stm32\STM32F3xxxx\CMSIS_HAL\Device\ST\STM32F3xx\Include\stm32f373xc.h">
      <Filter>Header files\Device-specific files\HAL</Filter>
    </ClInclude>
    <ClInclude Include="..\..\..\Users\pawel\AppData\Local\VisualGDB\EmbeddedBSPs\arm-eabi\com.sysprogs.arm.stm32\STM32F3xxxx\CMSIS_HAL\Device\ST\STM32F3xx\Include\stm32f378xx.h">
      <Filter>Header files\Device-specific files\HAL</Filter>
    </ClInclude>
    <ClInclude Include="..\..\..\Users\pawel\AppData\Local\VisualGDB\EmbeddedBSPs\arm-eabi\com.sysprogs.arm.stm32\STM32F3xxxx\CMSIS_HAL\Device\ST\STM32F3xx\Include\stm32f398xx.h">
      <Filter>Header files\Device-specific files\HAL</Filter>
    </ClInclude>
    <ClInclude Include="..\..\..\Users\pawel\AppData\Local\VisualGDB\EmbeddedBSPs\arm-eabi\com.sysprogs.arm.stm32\STM32F3xxxx\CMSIS_HAL\Device\ST\STM32F3xx\Include\stm32f3xx.h">
      <Filter>Header files\Device-specific files\HAL</Filter>
    </ClInclude>
    <ClInclude Include="..\..\..\Users\pawel\AppData\Local\VisualGDB\EmbeddedBSPs\arm-eabi\com.sysprogs.arm.stm32\STM32F3xxxx\CMSIS_HAL\Device\ST\STM32F3xx\Include\system_stm32f3xx.h">
      <Filter>Header files\Device-specific files\HAL</Filter>
    </ClInclude>
    <ClInclude Include="..\..\..\Users\pawel\AppData\Local\VisualGDB\EmbeddedBSPs\arm-eabi\com.sysprogs.arm.stm32\STM32F3xxxx\CMSIS_HAL\Include\arm_const_structs.h">
      <Filter>Header files\Device-specific files\HAL</Filter>
    </ClInclude>
    <ClInclude Include="..\..\..\Users\pawel\AppData\Local\VisualGDB\EmbeddedBSPs\arm-eabi\com.sysprogs.arm.stm32\STM32F3xxxx\CMSIS_HAL\Include\arm_math.h">
      <Filter>Header files\Device-specific files\HAL</Filter>
    </ClInclude>
    <ClInclude Include="..\..\..\Users\pawel\AppData\Local\VisualGDB\EmbeddedBSPs\arm-eabi\com.sysprogs.arm.stm32\STM32F3xxxx\CMSIS_HAL\Include\core_cm0.h">
      <Filter>Header files\Device-specific files\HAL</Filter>
    </ClInclude>
    <ClInclude Include="..\..\..\Users\pawel\AppData\Local\VisualGDB\EmbeddedBSPs\arm-eabi\com.sysprogs.arm.stm32\STM32F3xxxx\CMSIS_HAL\Include\core_cm0plus.h">
      <Filter>Header files\Device-specific files\HAL</Filter>
    </ClInclude>
    <ClInclude Include="..\..\..\Users\pawel\AppData\Local\VisualGDB\EmbeddedBSPs\arm-eabi\com.sysprogs.arm.stm32\STM32F3xxxx\CMSIS_HAL\Include\core_cm3.h">
      <Filter>Header files\Device-specific files\HAL</Filter>
    </ClInclude>
    <ClInclude Include="..\..\..\Users\pawel\AppData\Local\VisualGDB\EmbeddedBSPs\arm-eabi\com.sysprogs.arm.stm32\STM32F3xxxx\CMSIS_HAL\Include\core_cm4.h">
      <Filter>Header files\Device-specific files\HAL</Filter>
    </ClInclude>
    <ClInclude Include="..\..\..\Users\pawel\AppData\Local\VisualGDB\EmbeddedBSPs\arm-eabi\com.sysprogs.arm.stm32\STM32F3xxxx\CMSIS_HAL\Include\core_cm4_simd.h">
      <Filter>Header files\Device-specific files\HAL</Filter>
    </ClInclude>
    <ClInclude Include="..\..\..\Users\pawel\AppData\Local\VisualGDB\EmbeddedBSPs\arm-eabi\com.sysprogs.arm.stm32\STM32F3xxxx\CMSIS_HAL\Include\core_cmFunc.h">
      <Filter>Header files\Device-specific files\HAL</Filter>
    </ClInclude>
    <ClInclude Include="..\..\..\Users\pawel\AppData\Local\VisualGDB\EmbeddedBSPs\arm-eabi\com.sysprogs.arm.stm32\STM32F3xxxx\CMSIS_HAL\Include\core_cmInstr.h">
      <Filter>Header files\Device-specific files\HAL</Filter>
    </ClInclude>
    <ClInclude Include="..\..\..\Users\pawel\AppData\Local\VisualGDB\EmbeddedBSPs\arm-eabi\com.sysprogs.arm.stm32\STM32F3xxxx\CMSIS_HAL\Include\core_sc000.h">
      <Filter>Header files\Device-specific files\HAL</Filter>
    </ClInclude>
    <ClInclude Include="..\..\..\Users\pawel\AppData\Local\VisualGDB\EmbeddedBSPs\arm-eabi\com.sysprogs.arm.stm32\STM32F3xxxx\CMSIS_HAL\Include\core_sc300.h">
      <Filter>Header files\Device-specific files\HAL</Filter>
    </ClInclude>
    <ClInclude Include="..\..\..\Users\pawel\AppData\Local\VisualGDB\EmbeddedBSPs\arm-eabi\com.sysprogs.arm.stm32\STM32F3xxxx\CMSIS_HAL\RTOS\cmsis_os.h">
      <Filter>Header files\Device-specific files\HAL</Filter>
    </ClInclude>
    <ClInclude Include="arm_common_tables.h">
      <Filter>Header files</Filter>
    </ClInclude>
  </ItemGroup>
  <ItemGroup>
    <None Include="Makefile" />
    <None Include="debug.mak">
      <Filter>Make files</Filter>
    </None>
    <None Include="release.mak">
      <Filter>Make files</Filter>
    </None>
    <None Include="stm32.mak">
      <Filter>Source files\Device-specific files</Filter>
    </None>
  </ItemGroup>
</Project>